PODS:
  - Alamofire (4.7.3)
  - AlamofireImage (3.3.1):
    - Alamofire (~> 4.5)
  - Files (2.0.1)
  - Fuzi (2.1.0)
  - PromisesObjC (1.2.3)
  - PromisesSwift (1.2.3):
    - PromisesObjC (= 1.2.3)
  - Queuer (1.3.2)
  - Realm (3.7.6):
    - Realm/Headers (= 3.7.6)
  - Realm/Headers (3.7.6)
  - RealmSwift (3.7.6):
    - Realm (= 3.7.6)
  - SwiftyBeaver (1.6.0)
  - SwiftyUserDefaults (4.0.0-alpha.1)
  - Zip (1.1.0)

DEPENDENCIES:
  - Alamofire (~> 4.7)
  - AlamofireImage (~> 3.3.1)
  - Files (from `https://github.com/JohnSundell/Files.git`)
  - Fuzi (~> 2.1.0)
  - PromisesSwift (~> 1.2)
  - Queuer
  - RealmSwift
  - SwiftyBeaver
  - SwiftyUserDefaults (= 4.0.0-alpha.1)
  - Zip (~> 1.1)

SPEC REPOS:
  https://github.com/cocoapods/specs.git:
    - Alamofire
    - AlamofireImage
    - Fuzi
    - PromisesObjC
    - PromisesSwift
    - Queuer
    - Realm
    - RealmSwift
    - SwiftyBeaver
    - SwiftyUserDefaults
    - Zip

EXTERNAL SOURCES:
  Files:
    :git: https://github.com/JohnSundell/Files.git

CHECKOUT OPTIONS:
  Files:
    :commit: 06f95bd1bf4f8d5f50bc6bb30b808c253acd4c88
    :git: https://github.com/JohnSundell/Files.git

SPEC CHECKSUMS:
  Alamofire: c7287b6e5d7da964a70935e5db17046b7fde6568
  AlamofireImage: 3b35b586853abaf94ca1250f4e94cff3c21a4c0d
  Files: dd0aa68aa068e87c60ec844b13e0a95179e2fb62
  Fuzi: 8c57344debff6d3a0c76a9e0f549152defdaaa48
  PromisesObjC: a3a4263d8a9260214267e0b3788d0f83466ad449
  PromisesSwift: f7f45c21986419e85f7c5b645ed8c6a2c10c04b4
  Queuer: 1d4953c0ce3d674a2da01951e61dc0595e90e7cb
  Realm: 9eaecad54712d6246d08ba34c10f354e4715d7d3
  RealmSwift: 1fe08b4ebaeeaacf17f9ba0343f7b25c9fc31fa6
  SwiftyBeaver: e45759613e50b522b0e6f53b1f0f14389b45ca34
  SwiftyUserDefaults: cebe0ff9472f52699772a514b6f7155861d8069b
  Zip: 8877eede3dda76bcac281225c20e71c25270774c

PODFILE CHECKSUM: 9edbc143ab0b5f9975b29471676086a93244da38

COCOAPODS: 1.6.0.beta.1
