PODS:
  - Alamofire (4.7.3)
  - PromisesObjC (1.2.3)
  - PromisesSwift (1.2.3):
    - PromisesObjC (= 1.2.3)
  - Queuer (1.3.2)
  - SWXMLHash (4.7.0)

DEPENDENCIES:
  - Alamofire (~> 4.7)
  - PromisesSwift (~> 1.2)
  - Queuer
  - SWXMLHash (~> 4.7)

SPEC REPOS:
  https://github.com/cocoapods/specs.git:
    - Alamofire
    - PromisesObjC
    - PromisesSwift
    - Queuer
    - SWXMLHash

SPEC CHECKSUMS:
  Alamofire: c7287b6e5d7da964a70935e5db17046b7fde6568
  PromisesObjC: a3a4263d8a9260214267e0b3788d0f83466ad449
  PromisesSwift: f7f45c21986419e85f7c5b645ed8c6a2c10c04b4
  Queuer: 1d4953c0ce3d674a2da01951e61dc0595e90e7cb
  SWXMLHash: f4522438189f72b41e39676d19469a8969d60dd1

PODFILE CHECKSUM: 8ac5b4e8bcb7e03abc6977320c586dd2fa8e8128

COCOAPODS: 1.5.2
