// !$*UTF8*$!
{
	archiveVersion = 1;
	classes = {
	};
	objectVersion = 51;
	objects = {

/* Begin PBXBuildFile section */
		5108B79E211641190065BA71 /* TSVData.swift in Sources */ = {isa = PBXBuildFile; fileRef = 5108B79D211641190065BA71 /* TSVData.swift */; };
		512175A820A7D28B00772C86 /* WindowDelegate.swift in Sources */ = {isa = PBXBuildFile; fileRef = 512175A720A7D28B00772C86 /* WindowDelegate.swift */; };
		5139DF87209F6DE9004F65F9 /* WindowController.swift in Sources */ = {isa = PBXBuildFile; fileRef = 5139DF86209F6DE9004F65F9 /* WindowController.swift */; };
		5139DF89209FC6C6004F65F9 /* DetailsViewController.swift in Sources */ = {isa = PBXBuildFile; fileRef = 5139DF88209FC6C6004F65F9 /* DetailsViewController.swift */; };
		515B77B520AF794500C7B07D /* ToolbarDelegate.swift in Sources */ = {isa = PBXBuildFile; fileRef = 515B77B420AF794500C7B07D /* ToolbarDelegate.swift */; };
		515F58F522C663D2003370DA /* Files.swift in Sources */ = {isa = PBXBuildFile; fileRef = 515F58F422C663D2003370DA /* Files.swift */; };
		515F58F622C66465003370DA /* SwiftyUserDefaults.framework in Frameworks */ = {isa = PBXBuildFile; fileRef = 737A796F21D9BADD00DB22DD /* SwiftyUserDefaults.framework */; };
		515F58F722C66465003370DA /* SwiftyUserDefaults.framework in Embed Frameworks */ = {isa = PBXBuildFile; fileRef = 737A796F21D9BADD00DB22DD /* SwiftyUserDefaults.framework */; settings = {ATTRIBUTES = (CodeSignOnCopy, RemoveHeadersOnCopy, ); }; };
		516019E82131D65300BD7B0C /* DBMigration.swift in Sources */ = {isa = PBXBuildFile; fileRef = 516019E72131D65300BD7B0C /* DBMigration.swift */; };
		5167430520AFE098003AFC4D /* DownloadManager.swift in Sources */ = {isa = PBXBuildFile; fileRef = 5167430420AFE098003AFC4D /* DownloadManager.swift */; };
		516A1B7720CAE276004D6AE5 /* CHANGELOG.md in Resources */ = {isa = PBXBuildFile; fileRef = 516A1B7620CAE275004D6AE5 /* CHANGELOG.md */; };
		516A1B7920CAE28A004D6AE5 /* README.md in Resources */ = {isa = PBXBuildFile; fileRef = 516A1B7820CAE28A004D6AE5 /* README.md */; };
		5177A78620C33C0F002F81F9 /* pkg2zip in Resources */ = {isa = PBXBuildFile; fileRef = 5177A78520C33C0E002F81F9 /* pkg2zip */; };
		5177A78820C3508D002F81F9 /* ExtractionManager.swift in Sources */ = {isa = PBXBuildFile; fileRef = 5177A78720C3508D002F81F9 /* ExtractionManager.swift */; };
		517CD22C20AFA4A200C33623 /* DownloadViewController.swift in Sources */ = {isa = PBXBuildFile; fileRef = 517CD22B20AFA4A200C33623 /* DownloadViewController.swift */; };
		517FD71F2114B7FF00E56CB6 /* Parser.swift in Sources */ = {isa = PBXBuildFile; fileRef = 517FD71E2114B7FF00E56CB6 /* Parser.swift */; };
		517FD72121153BB700E56CB6 /* GameArtworkViewController.swift in Sources */ = {isa = PBXBuildFile; fileRef = 517FD72021153BB700E56CB6 /* GameArtworkViewController.swift */; };
		517FD72321153C5100E56CB6 /* PSNStoreApi.swift in Sources */ = {isa = PBXBuildFile; fileRef = 517FD72221153C5100E56CB6 /* PSNStoreApi.swift */; };
		5181948E20DDB52C009282AB /* NSTableView+keydown.swift in Sources */ = {isa = PBXBuildFile; fileRef = 5181948D20DDB52C009282AB /* NSTableView+keydown.swift */; };
		5182C57F21140757003A5527 /* ItemType.swift in Sources */ = {isa = PBXBuildFile; fileRef = 5182C57E21140757003A5527 /* ItemType.swift */; };
		51843FD120CB9DF2009AE9A4 /* .gitignore in Resources */ = {isa = PBXBuildFile; fileRef = 51843FD020CB9DF2009AE9A4 /* .gitignore */; };
		518A35FD2127BC4900F661F5 /* DefaultsKeys.swift in Sources */ = {isa = PBXBuildFile; fileRef = 518A35FC2127BC4900F661F5 /* DefaultsKeys.swift */; };
		518A892E213062E800821EE7 /* LICENSE.md in Resources */ = {isa = PBXBuildFile; fileRef = 518A892D213062E800821EE7 /* LICENSE.md */; };
		518C72EB20C4153B0022375E /* Helpers.swift in Sources */ = {isa = PBXBuildFile; fileRef = 518C72EA20C4153B0022375E /* Helpers.swift */; };
		518F8D8721270AB9005530C6 /* GHLatestRelease.swift in Sources */ = {isa = PBXBuildFile; fileRef = 518F8D8621270AB9005530C6 /* GHLatestRelease.swift */; };
		5192CE7F211E18EA004A2E90 /* NetworkManager.swift in Sources */ = {isa = PBXBuildFile; fileRef = 5192CE7E211E18EA004A2E90 /* NetworkManager.swift */; };
		5192CE81211E219D004A2E90 /* CompatPack.swift in Sources */ = {isa = PBXBuildFile; fileRef = 5192CE80211E219D004A2E90 /* CompatPack.swift */; };
		5192CE83211E31B4004A2E90 /* DBManager.swift in Sources */ = {isa = PBXBuildFile; fileRef = 5192CE82211E31B4004A2E90 /* DBManager.swift */; };
		5192CE86211F1968004A2E90 /* LayerProtocols.swift in Sources */ = {isa = PBXBuildFile; fileRef = 5192CE85211F1968004A2E90 /* LayerProtocols.swift */; };
		5192CE88211F1977004A2E90 /* LayerAPI.swift in Sources */ = {isa = PBXBuildFile; fileRef = 5192CE87211F1977004A2E90 /* LayerAPI.swift */; };
		5192CE8A211F19FA004A2E90 /* RealmStorageContext.swift in Sources */ = {isa = PBXBuildFile; fileRef = 5192CE89211F19FA004A2E90 /* RealmStorageContext.swift */; };
		5192CE8C211F1AAE004A2E90 /* Bookmark.swift in Sources */ = {isa = PBXBuildFile; fileRef = 5192CE8B211F1AAE004A2E90 /* Bookmark.swift */; };
		51932D9720DEEA8400F44520 /* LoadingViewController.swift in Sources */ = {isa = PBXBuildFile; fileRef = 51932D9620DEEA8400F44520 /* LoadingViewController.swift */; };
		51932D9920DF06C700F44520 /* LoadingViewDelegate.swift in Sources */ = {isa = PBXBuildFile; fileRef = 51932D9820DF06C700F44520 /* LoadingViewDelegate.swift */; };
		519F0D7320CC852C00332987 /* BookmarkListItemCellView.swift in Sources */ = {isa = PBXBuildFile; fileRef = 519F0D7220CC852C00332987 /* BookmarkListItemCellView.swift */; };
		519F0D7520CCBFDA00332987 /* BookmarksViewController.swift in Sources */ = {isa = PBXBuildFile; fileRef = 519F0D7420CCBFDA00332987 /* BookmarksViewController.swift */; };
		51ABB7572115D8A3009C98DA /* Item.swift in Sources */ = {isa = PBXBuildFile; fileRef = 51ABB7562115D8A3009C98DA /* Item.swift */; };
		51B12A1420B0603500E83844 /* DLItem.swift in Sources */ = {isa = PBXBuildFile; fileRef = 51B12A1320B0603500E83844 /* DLItem.swift */; };
		51B12A1920B0CD1E00E83844 /* DownloadListItemCellView.swift in Sources */ = {isa = PBXBuildFile; fileRef = 51B12A1820B0CD1E00E83844 /* DownloadListItemCellView.swift */; };
		51B1A315209511A6009C799C /* PreferencesViewController.swift in Sources */ = {isa = PBXBuildFile; fileRef = 51B1A314209511A6009C799C /* PreferencesViewController.swift */; };
		51E6684D2121447600FC154A /* AppUpdateChecker.swift in Sources */ = {isa = PBXBuildFile; fileRef = 51E6684C2121447600FC154A /* AppUpdateChecker.swift */; };
		51E82B0D210CEBAC00E68A31 /* vitaupdatelinks in Resources */ = {isa = PBXBuildFile; fileRef = 51E82B0C210CEBAC00E68A31 /* vitaupdatelinks */; };
		51EBE81F2094E094005D44DC /* AppDelegate.swift in Sources */ = {isa = PBXBuildFile; fileRef = 51EBE81E2094E094005D44DC /* AppDelegate.swift */; };
		51EBE8212094E094005D44DC /* DataViewController.swift in Sources */ = {isa = PBXBuildFile; fileRef = 51EBE8202094E094005D44DC /* DataViewController.swift */; };
		51EBE8262094E095005D44DC /* Assets.xcassets in Resources */ = {isa = PBXBuildFile; fileRef = 51EBE8252094E095005D44DC /* Assets.xcassets */; };
		51EBE8292094E095005D44DC /* Main.storyboard in Resources */ = {isa = PBXBuildFile; fileRef = 51EBE8272094E095005D44DC /* Main.storyboard */; };
		737A797421D9BADE00DB22DD /* AlamofireImage.framework in Frameworks */ = {isa = PBXBuildFile; fileRef = 737A796821D9BADD00DB22DD /* AlamofireImage.framework */; };
		737A797521D9BADE00DB22DD /* AlamofireImage.framework in Embed Frameworks */ = {isa = PBXBuildFile; fileRef = 737A796821D9BADD00DB22DD /* AlamofireImage.framework */; settings = {ATTRIBUTES = (CodeSignOnCopy, RemoveHeadersOnCopy, ); }; };
		737A797621D9BADE00DB22DD /* Queuer.framework in Frameworks */ = {isa = PBXBuildFile; fileRef = 737A796921D9BADD00DB22DD /* Queuer.framework */; };
		737A797721D9BADE00DB22DD /* Queuer.framework in Embed Frameworks */ = {isa = PBXBuildFile; fileRef = 737A796921D9BADD00DB22DD /* Queuer.framework */; settings = {ATTRIBUTES = (CodeSignOnCopy, RemoveHeadersOnCopy, ); }; };
		737A797821D9BADE00DB22DD /* Realm.framework in Frameworks */ = {isa = PBXBuildFile; fileRef = 737A796A21D9BADD00DB22DD /* Realm.framework */; };
		737A797921D9BADE00DB22DD /* Realm.framework in Embed Frameworks */ = {isa = PBXBuildFile; fileRef = 737A796A21D9BADD00DB22DD /* Realm.framework */; settings = {ATTRIBUTES = (CodeSignOnCopy, RemoveHeadersOnCopy, ); }; };
		737A797A21D9BADE00DB22DD /* FBLPromises.framework in Frameworks */ = {isa = PBXBuildFile; fileRef = 737A796B21D9BADD00DB22DD /* FBLPromises.framework */; };
		737A797B21D9BADE00DB22DD /* FBLPromises.framework in Embed Frameworks */ = {isa = PBXBuildFile; fileRef = 737A796B21D9BADD00DB22DD /* FBLPromises.framework */; settings = {ATTRIBUTES = (CodeSignOnCopy, RemoveHeadersOnCopy, ); }; };
		737A797C21D9BADE00DB22DD /* RealmSwift.framework in Frameworks */ = {isa = PBXBuildFile; fileRef = 737A796C21D9BADD00DB22DD /* RealmSwift.framework */; };
		737A797D21D9BADE00DB22DD /* RealmSwift.framework in Embed Frameworks */ = {isa = PBXBuildFile; fileRef = 737A796C21D9BADD00DB22DD /* RealmSwift.framework */; settings = {ATTRIBUTES = (CodeSignOnCopy, RemoveHeadersOnCopy, ); }; };
		737A797E21D9BADE00DB22DD /* Alamofire.framework in Frameworks */ = {isa = PBXBuildFile; fileRef = 737A796D21D9BADD00DB22DD /* Alamofire.framework */; };
		737A797F21D9BADE00DB22DD /* Alamofire.framework in Embed Frameworks */ = {isa = PBXBuildFile; fileRef = 737A796D21D9BADD00DB22DD /* Alamofire.framework */; settings = {ATTRIBUTES = (CodeSignOnCopy, RemoveHeadersOnCopy, ); }; };
		737A798021D9BADE00DB22DD /* Fuzi.framework in Frameworks */ = {isa = PBXBuildFile; fileRef = 737A796E21D9BADD00DB22DD /* Fuzi.framework */; };
		737A798121D9BADE00DB22DD /* Fuzi.framework in Embed Frameworks */ = {isa = PBXBuildFile; fileRef = 737A796E21D9BADD00DB22DD /* Fuzi.framework */; settings = {ATTRIBUTES = (CodeSignOnCopy, RemoveHeadersOnCopy, ); }; };
		737A798621D9BADE00DB22DD /* SwiftyBeaver.framework in Frameworks */ = {isa = PBXBuildFile; fileRef = 737A797121D9BADD00DB22DD /* SwiftyBeaver.framework */; };
		737A798721D9BADE00DB22DD /* SwiftyBeaver.framework in Embed Frameworks */ = {isa = PBXBuildFile; fileRef = 737A797121D9BADD00DB22DD /* SwiftyBeaver.framework */; settings = {ATTRIBUTES = (CodeSignOnCopy, RemoveHeadersOnCopy, ); }; };
		737A798821D9BADE00DB22DD /* Zip.framework in Frameworks */ = {isa = PBXBuildFile; fileRef = 737A797221D9BADE00DB22DD /* Zip.framework */; };
		737A798921D9BADE00DB22DD /* Zip.framework in Embed Frameworks */ = {isa = PBXBuildFile; fileRef = 737A797221D9BADE00DB22DD /* Zip.framework */; settings = {ATTRIBUTES = (CodeSignOnCopy, RemoveHeadersOnCopy, ); }; };
		737A798A21D9BADE00DB22DD /* Promises.framework in Frameworks */ = {isa = PBXBuildFile; fileRef = 737A797321D9BADE00DB22DD /* Promises.framework */; };
		737A798B21D9BADE00DB22DD /* Promises.framework in Embed Frameworks */ = {isa = PBXBuildFile; fileRef = 737A797321D9BADE00DB22DD /* Promises.framework */; settings = {ATTRIBUTES = (CodeSignOnCopy, RemoveHeadersOnCopy, ); }; };
		737A799921D9BB2F00DB22DD /* RealmSwift.framework.dSYM in CopyFiles */ = {isa = PBXBuildFile; fileRef = 737A798D21D9BB2E00DB22DD /* RealmSwift.framework.dSYM */; };
		737A799A21D9BB2F00DB22DD /* Zip.framework.dSYM in CopyFiles */ = {isa = PBXBuildFile; fileRef = 737A798E21D9BB2E00DB22DD /* Zip.framework.dSYM */; };
		737A799B21D9BB2F00DB22DD /* Fuzi.framework.dSYM in CopyFiles */ = {isa = PBXBuildFile; fileRef = 737A798F21D9BB2E00DB22DD /* Fuzi.framework.dSYM */; };
		737A799C21D9BB2F00DB22DD /* AlamofireImage.framework.dSYM in CopyFiles */ = {isa = PBXBuildFile; fileRef = 737A799021D9BB2E00DB22DD /* AlamofireImage.framework.dSYM */; };
		737A799E21D9BB2F00DB22DD /* Queuer.framework.dSYM in CopyFiles */ = {isa = PBXBuildFile; fileRef = 737A799221D9BB2E00DB22DD /* Queuer.framework.dSYM */; };
		737A799F21D9BB2F00DB22DD /* SwiftyUserDefaults.framework.dSYM in CopyFiles */ = {isa = PBXBuildFile; fileRef = 737A799321D9BB2E00DB22DD /* SwiftyUserDefaults.framework.dSYM */; };
		737A79A021D9BB2F00DB22DD /* Realm.framework.dSYM in CopyFiles */ = {isa = PBXBuildFile; fileRef = 737A799421D9BB2F00DB22DD /* Realm.framework.dSYM */; };
		737A79A121D9BB2F00DB22DD /* Promises.framework.dSYM in CopyFiles */ = {isa = PBXBuildFile; fileRef = 737A799521D9BB2F00DB22DD /* Promises.framework.dSYM */; };
		737A79A221D9BB2F00DB22DD /* SwiftyBeaver.framework.dSYM in CopyFiles */ = {isa = PBXBuildFile; fileRef = 737A799621D9BB2F00DB22DD /* SwiftyBeaver.framework.dSYM */; };
		737A79A321D9BB2F00DB22DD /* FBLPromises.framework.dSYM in CopyFiles */ = {isa = PBXBuildFile; fileRef = 737A799721D9BB2F00DB22DD /* FBLPromises.framework.dSYM */; };
		737A79A421D9BB2F00DB22DD /* Alamofire.framework.dSYM in CopyFiles */ = {isa = PBXBuildFile; fileRef = 737A799821D9BB2F00DB22DD /* Alamofire.framework.dSYM */; };
/* End PBXBuildFile section */

/* Begin PBXCopyFilesBuildPhase section */
		735C819F21D93730003884A1 /* CopyFiles */ = {
			isa = PBXCopyFilesBuildPhase;
			buildActionMask = 2147483647;
			dstPath = "";
			dstSubfolderSpec = 16;
			files = (
				737A799921D9BB2F00DB22DD /* RealmSwift.framework.dSYM in CopyFiles */,
				737A799A21D9BB2F00DB22DD /* Zip.framework.dSYM in CopyFiles */,
				737A799B21D9BB2F00DB22DD /* Fuzi.framework.dSYM in CopyFiles */,
				737A799C21D9BB2F00DB22DD /* AlamofireImage.framework.dSYM in CopyFiles */,
				737A799E21D9BB2F00DB22DD /* Queuer.framework.dSYM in CopyFiles */,
				737A799F21D9BB2F00DB22DD /* SwiftyUserDefaults.framework.dSYM in CopyFiles */,
				737A79A021D9BB2F00DB22DD /* Realm.framework.dSYM in CopyFiles */,
				737A79A121D9BB2F00DB22DD /* Promises.framework.dSYM in CopyFiles */,
				737A79A221D9BB2F00DB22DD /* SwiftyBeaver.framework.dSYM in CopyFiles */,
				737A79A321D9BB2F00DB22DD /* FBLPromises.framework.dSYM in CopyFiles */,
				737A79A421D9BB2F00DB22DD /* Alamofire.framework.dSYM in CopyFiles */,
			);
			runOnlyForDeploymentPostprocessing = 0;
		};
		737A798C21D9BADE00DB22DD /* Embed Frameworks */ = {
			isa = PBXCopyFilesBuildPhase;
			buildActionMask = 2147483647;
			dstPath = "";
			dstSubfolderSpec = 10;
			files = (
				737A798B21D9BADE00DB22DD /* Promises.framework in Embed Frameworks */,
				737A797921D9BADE00DB22DD /* Realm.framework in Embed Frameworks */,
				737A797F21D9BADE00DB22DD /* Alamofire.framework in Embed Frameworks */,
				737A798121D9BADE00DB22DD /* Fuzi.framework in Embed Frameworks */,
				737A797D21D9BADE00DB22DD /* RealmSwift.framework in Embed Frameworks */,
				737A798921D9BADE00DB22DD /* Zip.framework in Embed Frameworks */,
				737A797521D9BADE00DB22DD /* AlamofireImage.framework in Embed Frameworks */,
				737A798721D9BADE00DB22DD /* SwiftyBeaver.framework in Embed Frameworks */,
				515F58F722C66465003370DA /* SwiftyUserDefaults.framework in Embed Frameworks */,
				737A797721D9BADE00DB22DD /* Queuer.framework in Embed Frameworks */,
				737A797B21D9BADE00DB22DD /* FBLPromises.framework in Embed Frameworks */,
			);
			name = "Embed Frameworks";
			runOnlyForDeploymentPostprocessing = 0;
		};
/* End PBXCopyFilesBuildPhase section */

/* Begin PBXFileReference section */
		5108B79D211641190065BA71 /* TSVData.swift */ = {isa = PBXFileReference; lastKnownFileType = sourcecode.swift; path = TSVData.swift; sourceTree = "<group>"; };
		5121752E20A73EBC00772C86 /* NPS Browser.entitlements */ = {isa = PBXFileReference; lastKnownFileType = text.plist.entitlements; path = "NPS Browser.entitlements"; sourceTree = "<group>"; };
		512175A720A7D28B00772C86 /* WindowDelegate.swift */ = {isa = PBXFileReference; lastKnownFileType = sourcecode.swift; path = WindowDelegate.swift; sourceTree = "<group>"; };
		5139DF86209F6DE9004F65F9 /* WindowController.swift */ = {isa = PBXFileReference; lastKnownFileType = sourcecode.swift; path = WindowController.swift; sourceTree = "<group>"; };
		5139DF88209FC6C6004F65F9 /* DetailsViewController.swift */ = {isa = PBXFileReference; lastKnownFileType = sourcecode.swift; path = DetailsViewController.swift; sourceTree = "<group>"; };
		515B77B420AF794500C7B07D /* ToolbarDelegate.swift */ = {isa = PBXFileReference; lastKnownFileType = sourcecode.swift; path = ToolbarDelegate.swift; sourceTree = "<group>"; };
		515F58F422C663D2003370DA /* Files.swift */ = {isa = PBXFileReference; fileEncoding = 4; lastKnownFileType = sourcecode.swift; path = Files.swift; sourceTree = "<group>"; };
		516019E72131D65300BD7B0C /* DBMigration.swift */ = {isa = PBXFileReference; lastKnownFileType = sourcecode.swift; path = DBMigration.swift; sourceTree = "<group>"; };
		5167430420AFE098003AFC4D /* DownloadManager.swift */ = {isa = PBXFileReference; lastKnownFileType = sourcecode.swift; path = DownloadManager.swift; sourceTree = "<group>"; };
		516A1B7620CAE275004D6AE5 /* CHANGELOG.md */ = {isa = PBXFileReference; fileEncoding = 4; lastKnownFileType = net.daringfireball.markdown; path = CHANGELOG.md; sourceTree = "<group>"; };
		516A1B7820CAE28A004D6AE5 /* README.md */ = {isa = PBXFileReference; fileEncoding = 4; lastKnownFileType = net.daringfireball.markdown; path = README.md; sourceTree = "<group>"; };
		5177A78520C33C0E002F81F9 /* pkg2zip */ = {isa = PBXFileReference; lastKnownFileType = "compiled.mach-o.executable"; path = pkg2zip; sourceTree = "<group>"; };
		5177A78720C3508D002F81F9 /* ExtractionManager.swift */ = {isa = PBXFileReference; lastKnownFileType = sourcecode.swift; path = ExtractionManager.swift; sourceTree = "<group>"; };
		517CD22B20AFA4A200C33623 /* DownloadViewController.swift */ = {isa = PBXFileReference; lastKnownFileType = sourcecode.swift; path = DownloadViewController.swift; sourceTree = "<group>"; };
		517FD71E2114B7FF00E56CB6 /* Parser.swift */ = {isa = PBXFileReference; lastKnownFileType = sourcecode.swift; path = Parser.swift; sourceTree = "<group>"; };
		517FD72021153BB700E56CB6 /* GameArtworkViewController.swift */ = {isa = PBXFileReference; lastKnownFileType = sourcecode.swift; path = GameArtworkViewController.swift; sourceTree = "<group>"; };
		517FD72221153C5100E56CB6 /* PSNStoreApi.swift */ = {isa = PBXFileReference; lastKnownFileType = sourcecode.swift; path = PSNStoreApi.swift; sourceTree = "<group>"; };
		5181948D20DDB52C009282AB /* NSTableView+keydown.swift */ = {isa = PBXFileReference; lastKnownFileType = sourcecode.swift; path = "NSTableView+keydown.swift"; sourceTree = "<group>"; };
		5182C57E21140757003A5527 /* ItemType.swift */ = {isa = PBXFileReference; lastKnownFileType = sourcecode.swift; path = ItemType.swift; sourceTree = "<group>"; };
		51843FD020CB9DF2009AE9A4 /* .gitignore */ = {isa = PBXFileReference; lastKnownFileType = text; path = .gitignore; sourceTree = "<group>"; };
		518A35FC2127BC4900F661F5 /* DefaultsKeys.swift */ = {isa = PBXFileReference; lastKnownFileType = sourcecode.swift; path = DefaultsKeys.swift; sourceTree = "<group>"; };
		518A892D213062E800821EE7 /* LICENSE.md */ = {isa = PBXFileReference; lastKnownFileType = net.daringfireball.markdown; path = LICENSE.md; sourceTree = "<group>"; };
		518C72EA20C4153B0022375E /* Helpers.swift */ = {isa = PBXFileReference; lastKnownFileType = sourcecode.swift; path = Helpers.swift; sourceTree = "<group>"; };
		518F8D8621270AB9005530C6 /* GHLatestRelease.swift */ = {isa = PBXFileReference; lastKnownFileType = sourcecode.swift; path = GHLatestRelease.swift; sourceTree = "<group>"; };
		5192CE7E211E18EA004A2E90 /* NetworkManager.swift */ = {isa = PBXFileReference; lastKnownFileType = sourcecode.swift; path = NetworkManager.swift; sourceTree = "<group>"; };
		5192CE80211E219D004A2E90 /* CompatPack.swift */ = {isa = PBXFileReference; lastKnownFileType = sourcecode.swift; path = CompatPack.swift; sourceTree = "<group>"; };
		5192CE82211E31B4004A2E90 /* DBManager.swift */ = {isa = PBXFileReference; lastKnownFileType = sourcecode.swift; path = DBManager.swift; sourceTree = "<group>"; };
		5192CE85211F1968004A2E90 /* LayerProtocols.swift */ = {isa = PBXFileReference; lastKnownFileType = sourcecode.swift; path = LayerProtocols.swift; sourceTree = "<group>"; };
		5192CE87211F1977004A2E90 /* LayerAPI.swift */ = {isa = PBXFileReference; lastKnownFileType = sourcecode.swift; path = LayerAPI.swift; sourceTree = "<group>"; };
		5192CE89211F19FA004A2E90 /* RealmStorageContext.swift */ = {isa = PBXFileReference; lastKnownFileType = sourcecode.swift; path = RealmStorageContext.swift; sourceTree = "<group>"; };
		5192CE8B211F1AAE004A2E90 /* Bookmark.swift */ = {isa = PBXFileReference; lastKnownFileType = sourcecode.swift; path = Bookmark.swift; sourceTree = "<group>"; };
		51932D9620DEEA8400F44520 /* LoadingViewController.swift */ = {isa = PBXFileReference; lastKnownFileType = sourcecode.swift; path = LoadingViewController.swift; sourceTree = "<group>"; };
		51932D9820DF06C700F44520 /* LoadingViewDelegate.swift */ = {isa = PBXFileReference; lastKnownFileType = sourcecode.swift; path = LoadingViewDelegate.swift; sourceTree = "<group>"; };
		519F0D7220CC852C00332987 /* BookmarkListItemCellView.swift */ = {isa = PBXFileReference; lastKnownFileType = sourcecode.swift; path = BookmarkListItemCellView.swift; sourceTree = "<group>"; };
		519F0D7420CCBFDA00332987 /* BookmarksViewController.swift */ = {isa = PBXFileReference; lastKnownFileType = sourcecode.swift; path = BookmarksViewController.swift; sourceTree = "<group>"; };
		51ABB7562115D8A3009C98DA /* Item.swift */ = {isa = PBXFileReference; lastKnownFileType = sourcecode.swift; path = Item.swift; sourceTree = "<group>"; };
		51B12A1320B0603500E83844 /* DLItem.swift */ = {isa = PBXFileReference; lastKnownFileType = sourcecode.swift; path = DLItem.swift; sourceTree = "<group>"; };
		51B12A1820B0CD1E00E83844 /* DownloadListItemCellView.swift */ = {isa = PBXFileReference; lastKnownFileType = sourcecode.swift; path = DownloadListItemCellView.swift; sourceTree = "<group>"; };
		51B1A314209511A6009C799C /* PreferencesViewController.swift */ = {isa = PBXFileReference; lastKnownFileType = sourcecode.swift; path = PreferencesViewController.swift; sourceTree = "<group>"; };
		51E6684C2121447600FC154A /* AppUpdateChecker.swift */ = {isa = PBXFileReference; lastKnownFileType = sourcecode.swift; path = AppUpdateChecker.swift; sourceTree = "<group>"; };
		51E82B0C210CEBAC00E68A31 /* vitaupdatelinks */ = {isa = PBXFileReference; lastKnownFileType = "compiled.mach-o.executable"; path = vitaupdatelinks; sourceTree = "<group>"; };
		51EBE81B2094E094005D44DC /* NPS Browser.app */ = {isa = PBXFileReference; explicitFileType = wrapper.application; includeInIndex = 0; path = "NPS Browser.app"; sourceTree = BUILT_PRODUCTS_DIR; };
		51EBE81E2094E094005D44DC /* AppDelegate.swift */ = {isa = PBXFileReference; lastKnownFileType = sourcecode.swift; path = AppDelegate.swift; sourceTree = "<group>"; };
		51EBE8202094E094005D44DC /* DataViewController.swift */ = {isa = PBXFileReference; lastKnownFileType = sourcecode.swift; path = DataViewController.swift; sourceTree = "<group>"; };
		51EBE8252094E095005D44DC /* Assets.xcassets */ = {isa = PBXFileReference; lastKnownFileType = folder.assetcatalog; path = Assets.xcassets; sourceTree = "<group>"; };
		51EBE8282094E095005D44DC /* Base */ = {isa = PBXFileReference; lastKnownFileType = file.storyboard; name = Base; path = Base.lproj/Main.storyboard; sourceTree = "<group>"; };
		51EBE82A2094E095005D44DC /* Info.plist */ = {isa = PBXFileReference; lastKnownFileType = text.plist.xml; path = Info.plist; sourceTree = "<group>"; };
		737A796821D9BADD00DB22DD /* AlamofireImage.framework */ = {isa = PBXFileReference; lastKnownFileType = wrapper.framework; name = AlamofireImage.framework; path = Carthage/Build/Mac/AlamofireImage.framework; sourceTree = "<group>"; };
		737A796921D9BADD00DB22DD /* Queuer.framework */ = {isa = PBXFileReference; lastKnownFileType = wrapper.framework; name = Queuer.framework; path = Carthage/Build/Mac/Queuer.framework; sourceTree = "<group>"; };
		737A796A21D9BADD00DB22DD /* Realm.framework */ = {isa = PBXFileReference; lastKnownFileType = wrapper.framework; name = Realm.framework; path = Carthage/Build/Mac/Realm.framework; sourceTree = "<group>"; };
		737A796B21D9BADD00DB22DD /* FBLPromises.framework */ = {isa = PBXFileReference; lastKnownFileType = wrapper.framework; name = FBLPromises.framework; path = Carthage/Build/Mac/FBLPromises.framework; sourceTree = "<group>"; };
		737A796C21D9BADD00DB22DD /* RealmSwift.framework */ = {isa = PBXFileReference; lastKnownFileType = wrapper.framework; name = RealmSwift.framework; path = Carthage/Build/Mac/RealmSwift.framework; sourceTree = "<group>"; };
		737A796D21D9BADD00DB22DD /* Alamofire.framework */ = {isa = PBXFileReference; lastKnownFileType = wrapper.framework; name = Alamofire.framework; path = Carthage/Build/Mac/Alamofire.framework; sourceTree = "<group>"; };
		737A796E21D9BADD00DB22DD /* Fuzi.framework */ = {isa = PBXFileReference; lastKnownFileType = wrapper.framework; name = Fuzi.framework; path = Carthage/Build/Mac/Fuzi.framework; sourceTree = "<group>"; };
		737A796F21D9BADD00DB22DD /* SwiftyUserDefaults.framework */ = {isa = PBXFileReference; lastKnownFileType = wrapper.framework; name = SwiftyUserDefaults.framework; path = Carthage/Build/Mac/SwiftyUserDefaults.framework; sourceTree = "<group>"; };
		737A797121D9BADD00DB22DD /* SwiftyBeaver.framework */ = {isa = PBXFileReference; lastKnownFileType = wrapper.framework; name = SwiftyBeaver.framework; path = Carthage/Build/Mac/SwiftyBeaver.framework; sourceTree = "<group>"; };
		737A797221D9BADE00DB22DD /* Zip.framework */ = {isa = PBXFileReference; lastKnownFileType = wrapper.framework; name = Zip.framework; path = Carthage/Build/Mac/Zip.framework; sourceTree = "<group>"; };
		737A797321D9BADE00DB22DD /* Promises.framework */ = {isa = PBXFileReference; lastKnownFileType = wrapper.framework; name = Promises.framework; path = Carthage/Build/Mac/Promises.framework; sourceTree = "<group>"; };
		737A798D21D9BB2E00DB22DD /* RealmSwift.framework.dSYM */ = {isa = PBXFileReference; lastKnownFileType = wrapper.dsym; name = RealmSwift.framework.dSYM; path = Carthage/Build/Mac/RealmSwift.framework.dSYM; sourceTree = "<group>"; };
		737A798E21D9BB2E00DB22DD /* Zip.framework.dSYM */ = {isa = PBXFileReference; lastKnownFileType = wrapper.dsym; name = Zip.framework.dSYM; path = Carthage/Build/Mac/Zip.framework.dSYM; sourceTree = "<group>"; };
		737A798F21D9BB2E00DB22DD /* Fuzi.framework.dSYM */ = {isa = PBXFileReference; lastKnownFileType = wrapper.dsym; name = Fuzi.framework.dSYM; path = Carthage/Build/Mac/Fuzi.framework.dSYM; sourceTree = "<group>"; };
		737A799021D9BB2E00DB22DD /* AlamofireImage.framework.dSYM */ = {isa = PBXFileReference; lastKnownFileType = wrapper.dsym; name = AlamofireImage.framework.dSYM; path = Carthage/Build/Mac/AlamofireImage.framework.dSYM; sourceTree = "<group>"; };
		737A799121D9BB2E00DB22DD /* Files.framework.dSYM */ = {isa = PBXFileReference; lastKnownFileType = wrapper.dsym; name = Files.framework.dSYM; path = Carthage/Build/Mac/Files.framework.dSYM; sourceTree = "<group>"; };
		737A799221D9BB2E00DB22DD /* Queuer.framework.dSYM */ = {isa = PBXFileReference; lastKnownFileType = wrapper.dsym; name = Queuer.framework.dSYM; path = Carthage/Build/Mac/Queuer.framework.dSYM; sourceTree = "<group>"; };
		737A799321D9BB2E00DB22DD /* SwiftyUserDefaults.framework.dSYM */ = {isa = PBXFileReference; lastKnownFileType = wrapper.dsym; name = SwiftyUserDefaults.framework.dSYM; path = Carthage/Build/Mac/SwiftyUserDefaults.framework.dSYM; sourceTree = "<group>"; };
		737A799421D9BB2F00DB22DD /* Realm.framework.dSYM */ = {isa = PBXFileReference; lastKnownFileType = wrapper.dsym; name = Realm.framework.dSYM; path = Carthage/Build/Mac/Realm.framework.dSYM; sourceTree = "<group>"; };
		737A799521D9BB2F00DB22DD /* Promises.framework.dSYM */ = {isa = PBXFileReference; lastKnownFileType = wrapper.dsym; name = Promises.framework.dSYM; path = Carthage/Build/Mac/Promises.framework.dSYM; sourceTree = "<group>"; };
		737A799621D9BB2F00DB22DD /* SwiftyBeaver.framework.dSYM */ = {isa = PBXFileReference; lastKnownFileType = wrapper.dsym; name = SwiftyBeaver.framework.dSYM; path = Carthage/Build/Mac/SwiftyBeaver.framework.dSYM; sourceTree = "<group>"; };
		737A799721D9BB2F00DB22DD /* FBLPromises.framework.dSYM */ = {isa = PBXFileReference; lastKnownFileType = wrapper.dsym; name = FBLPromises.framework.dSYM; path = Carthage/Build/Mac/FBLPromises.framework.dSYM; sourceTree = "<group>"; };
		737A799821D9BB2F00DB22DD /* Alamofire.framework.dSYM */ = {isa = PBXFileReference; lastKnownFileType = wrapper.dsym; name = Alamofire.framework.dSYM; path = Carthage/Build/Mac/Alamofire.framework.dSYM; sourceTree = "<group>"; };
		96D9924C22BE60ED00DF8C23 /* en */ = {isa = PBXFileReference; lastKnownFileType = text.plist.strings; name = en; path = en.lproj/Main.strings; sourceTree = "<group>"; };
		96D9924D22BE60F200DF8C23 /* zh-Hans */ = {isa = PBXFileReference; lastKnownFileType = text.plist.strings; name = "zh-Hans"; path = "zh-Hans.lproj/Main.strings"; sourceTree = "<group>"; };
/* End PBXFileReference section */

/* Begin PBXFrameworksBuildPhase section */
		51EBE8182094E094005D44DC /* Frameworks */ = {
			isa = PBXFrameworksBuildPhase;
			buildActionMask = 2147483647;
			files = (
				737A798A21D9BADE00DB22DD /* Promises.framework in Frameworks */,
				737A797821D9BADE00DB22DD /* Realm.framework in Frameworks */,
				737A797E21D9BADE00DB22DD /* Alamofire.framework in Frameworks */,
				737A798021D9BADE00DB22DD /* Fuzi.framework in Frameworks */,
				737A797C21D9BADE00DB22DD /* RealmSwift.framework in Frameworks */,
				737A798821D9BADE00DB22DD /* Zip.framework in Frameworks */,
				737A797421D9BADE00DB22DD /* AlamofireImage.framework in Frameworks */,
				737A798621D9BADE00DB22DD /* SwiftyBeaver.framework in Frameworks */,
				515F58F622C66465003370DA /* SwiftyUserDefaults.framework in Frameworks */,
				737A797621D9BADE00DB22DD /* Queuer.framework in Frameworks */,
				737A797A21D9BADE00DB22DD /* FBLPromises.framework in Frameworks */,
			);
			runOnlyForDeploymentPostprocessing = 0;
		};
/* End PBXFrameworksBuildPhase section */

/* Begin PBXGroup section */
		516B855220AE7FE800E4A083 /* services */ = {
			isa = PBXGroup;
			children = (
				5167430420AFE098003AFC4D /* DownloadManager.swift */,
				5177A78720C3508D002F81F9 /* ExtractionManager.swift */,
				518C72EA20C4153B0022375E /* Helpers.swift */,
				517FD71E2114B7FF00E56CB6 /* Parser.swift */,
				517FD72221153C5100E56CB6 /* PSNStoreApi.swift */,
				5192CE7E211E18EA004A2E90 /* NetworkManager.swift */,
				5192CE82211E31B4004A2E90 /* DBManager.swift */,
				51E6684C2121447600FC154A /* AppUpdateChecker.swift */,
			);
			path = services;
			sourceTree = "<group>";
		};
		5181948C20DDB4C9009282AB /* extensions */ = {
			isa = PBXGroup;
			children = (
				5181948D20DDB52C009282AB /* NSTableView+keydown.swift */,
			);
			path = extensions;
			sourceTree = "<group>";
		};
		5181948F20DDB5E8009282AB /* delegates */ = {
			isa = PBXGroup;
			children = (
				515B77B420AF794500C7B07D /* ToolbarDelegate.swift */,
				512175A720A7D28B00772C86 /* WindowDelegate.swift */,
				51932D9820DF06C700F44520 /* LoadingViewDelegate.swift */,
			);
			path = delegates;
			sourceTree = "<group>";
		};
		5192CE84211F192D004A2E90 /* models */ = {
			isa = PBXGroup;
			children = (
				5192CE8B211F1AAE004A2E90 /* Bookmark.swift */,
				5192CE80211E219D004A2E90 /* CompatPack.swift */,
				51ABB7562115D8A3009C98DA /* Item.swift */,
			);
			path = models;
			sourceTree = "<group>";
		};
		51A767A120A6992500052F53 /* controllers */ = {
			isa = PBXGroup;
			children = (
				519F0D7420CCBFDA00332987 /* BookmarksViewController.swift */,
				51EBE8202094E094005D44DC /* DataViewController.swift */,
				5139DF88209FC6C6004F65F9 /* DetailsViewController.swift */,
				517CD22B20AFA4A200C33623 /* DownloadViewController.swift */,
				51B1A314209511A6009C799C /* PreferencesViewController.swift */,
				5139DF86209F6DE9004F65F9 /* WindowController.swift */,
				51932D9620DEEA8400F44520 /* LoadingViewController.swift */,
				517FD72021153BB700E56CB6 /* GameArtworkViewController.swift */,
			);
			path = controllers;
			sourceTree = "<group>";
		};
		51A767A220A699AC00052F53 /* models */ = {
			isa = PBXGroup;
			children = (
				51B12A1320B0603500E83844 /* DLItem.swift */,
				5182C57E21140757003A5527 /* ItemType.swift */,
				5108B79D211641190065BA71 /* TSVData.swift */,
				518F8D8621270AB9005530C6 /* GHLatestRelease.swift */,
				518A35FC2127BC4900F661F5 /* DefaultsKeys.swift */,
			);
			path = models;
			sourceTree = "<group>";
		};
		51ABB7552115D80F009C98DA /* db */ = {
			isa = PBXGroup;
			children = (
				5192CE84211F192D004A2E90 /* models */,
				5192CE85211F1968004A2E90 /* LayerProtocols.swift */,
				5192CE87211F1977004A2E90 /* LayerAPI.swift */,
				5192CE89211F19FA004A2E90 /* RealmStorageContext.swift */,
				516019E72131D65300BD7B0C /* DBMigration.swift */,
			);
			path = db;
			sourceTree = "<group>";
		};
		51B12A1520B0C59400E83844 /* views */ = {
			isa = PBXGroup;
			children = (
				519F0D7220CC852C00332987 /* BookmarkListItemCellView.swift */,
				51B12A1820B0CD1E00E83844 /* DownloadListItemCellView.swift */,
			);
			path = views;
			sourceTree = "<group>";
		};
		51EBE8122094E094005D44DC = {
			isa = PBXGroup;
			children = (
				737A796421D9922400DB22DD /* Frameworks */,
				518A892D213062E800821EE7 /* LICENSE.md */,
				51843FD020CB9DF2009AE9A4 /* .gitignore */,
				516A1B7820CAE28A004D6AE5 /* README.md */,
				516A1B7620CAE275004D6AE5 /* CHANGELOG.md */,
				51EBE81D2094E094005D44DC /* NPS Browser */,
				51EBE81C2094E094005D44DC /* Products */,
			);
			sourceTree = "<group>";
		};
		51EBE81C2094E094005D44DC /* Products */ = {
			isa = PBXGroup;
			children = (
				51EBE81B2094E094005D44DC /* NPS Browser.app */,
			);
			name = Products;
			sourceTree = "<group>";
		};
		51EBE81D2094E094005D44DC /* NPS Browser */ = {
			isa = PBXGroup;
			children = (
				515F58F422C663D2003370DA /* Files.swift */,
				51E82B0C210CEBAC00E68A31 /* vitaupdatelinks */,
				5177A78520C33C0E002F81F9 /* pkg2zip */,
				51A767A120A6992500052F53 /* controllers */,
				51ABB7552115D80F009C98DA /* db */,
				51A767A220A699AC00052F53 /* models */,
				51B12A1520B0C59400E83844 /* views */,
				516B855220AE7FE800E4A083 /* services */,
				5181948F20DDB5E8009282AB /* delegates */,
				5181948C20DDB4C9009282AB /* extensions */,
				51EBE81E2094E094005D44DC /* AppDelegate.swift */,
				51EBE8252094E095005D44DC /* Assets.xcassets */,
				51EBE8272094E095005D44DC /* Main.storyboard */,
				51EBE82A2094E095005D44DC /* Info.plist */,
				5121752E20A73EBC00772C86 /* NPS Browser.entitlements */,
			);
			path = "NPS Browser";
			sourceTree = "<group>";
		};
		737A796421D9922400DB22DD /* Frameworks */ = {
			isa = PBXGroup;
			children = (
				737A799821D9BB2F00DB22DD /* Alamofire.framework.dSYM */,
				737A799021D9BB2E00DB22DD /* AlamofireImage.framework.dSYM */,
				737A799721D9BB2F00DB22DD /* FBLPromises.framework.dSYM */,
				737A799121D9BB2E00DB22DD /* Files.framework.dSYM */,
				737A798F21D9BB2E00DB22DD /* Fuzi.framework.dSYM */,
				737A799521D9BB2F00DB22DD /* Promises.framework.dSYM */,
				737A799221D9BB2E00DB22DD /* Queuer.framework.dSYM */,
				737A799421D9BB2F00DB22DD /* Realm.framework.dSYM */,
				737A798D21D9BB2E00DB22DD /* RealmSwift.framework.dSYM */,
				737A799621D9BB2F00DB22DD /* SwiftyBeaver.framework.dSYM */,
				737A799321D9BB2E00DB22DD /* SwiftyUserDefaults.framework.dSYM */,
				737A798E21D9BB2E00DB22DD /* Zip.framework.dSYM */,
				737A796D21D9BADD00DB22DD /* Alamofire.framework */,
				737A796821D9BADD00DB22DD /* AlamofireImage.framework */,
				737A796B21D9BADD00DB22DD /* FBLPromises.framework */,
				737A796E21D9BADD00DB22DD /* Fuzi.framework */,
				737A797321D9BADE00DB22DD /* Promises.framework */,
				737A796921D9BADD00DB22DD /* Queuer.framework */,
				737A796A21D9BADD00DB22DD /* Realm.framework */,
				737A796C21D9BADD00DB22DD /* RealmSwift.framework */,
				737A797121D9BADD00DB22DD /* SwiftyBeaver.framework */,
				737A796F21D9BADD00DB22DD /* SwiftyUserDefaults.framework */,
				737A797221D9BADE00DB22DD /* Zip.framework */,
			);
			name = Frameworks;
			sourceTree = "<group>";
		};
/* End PBXGroup section */

/* Begin PBXNativeTarget section */
		51EBE81A2094E094005D44DC /* NPS Browser */ = {
			isa = PBXNativeTarget;
			buildConfigurationList = 51EBE82E2094E095005D44DC /* Build configuration list for PBXNativeTarget "NPS Browser" */;
			buildPhases = (
				51EBE8172094E094005D44DC /* Sources */,
				51EBE8182094E094005D44DC /* Frameworks */,
				51EBE8192094E094005D44DC /* Resources */,
				735C819F21D93730003884A1 /* CopyFiles */,
				737A798C21D9BADE00DB22DD /* Embed Frameworks */,
			);
			buildRules = (
			);
			dependencies = (
			);
			name = "NPS Browser";
			productName = "NPS Browser";
			productReference = 51EBE81B2094E094005D44DC /* NPS Browser.app */;
			productType = "com.apple.product-type.application";
		};
/* End PBXNativeTarget section */

/* Begin PBXProject section */
		51EBE8132094E094005D44DC /* Project object */ = {
			isa = PBXProject;
			attributes = {
				CLASSPREFIX = "";
				LastSwiftUpdateCheck = 0930;
				LastUpgradeCheck = 0930;
				ORGANIZATIONNAME = JK3Y;
				TargetAttributes = {
					51EBE81A2094E094005D44DC = {
						CreatedOnToolsVersion = 9.3;
						LastSwiftMigration = 1020;
						ProvisioningStyle = Manual;
						SystemCapabilities = {
							com.apple.Sandbox = {
								enabled = 0;
							};
						};
					};
				};
			};
			buildConfigurationList = 51EBE8162094E094005D44DC /* Build configuration list for PBXProject "NPS Browser" */;
			compatibilityVersion = "Xcode 10.0";
			developmentRegion = en;
			hasScannedForEncodings = 0;
			knownRegions = (
				en,
				Base,
				"zh-Hans",
			);
			mainGroup = 51EBE8122094E094005D44DC;
			productRefGroup = 51EBE81C2094E094005D44DC /* Products */;
			projectDirPath = "";
			projectRoot = "";
			targets = (
				51EBE81A2094E094005D44DC /* NPS Browser */,
			);
		};
/* End PBXProject section */

/* Begin PBXResourcesBuildPhase section */
		51EBE8192094E094005D44DC /* Resources */ = {
			isa = PBXResourcesBuildPhase;
			buildActionMask = 2147483647;
			files = (
				51E82B0D210CEBAC00E68A31 /* vitaupdatelinks in Resources */,
				516A1B7920CAE28A004D6AE5 /* README.md in Resources */,
				51843FD120CB9DF2009AE9A4 /* .gitignore in Resources */,
				51EBE8262094E095005D44DC /* Assets.xcassets in Resources */,
				518A892E213062E800821EE7 /* LICENSE.md in Resources */,
				516A1B7720CAE276004D6AE5 /* CHANGELOG.md in Resources */,
				5177A78620C33C0F002F81F9 /* pkg2zip in Resources */,
				51EBE8292094E095005D44DC /* Main.storyboard in Resources */,
			);
			runOnlyForDeploymentPostprocessing = 0;
		};
/* End PBXResourcesBuildPhase section */

/* Begin PBXSourcesBuildPhase section */
		51EBE8172094E094005D44DC /* Sources */ = {
			isa = PBXSourcesBuildPhase;
			buildActionMask = 2147483647;
			files = (
				518C72EB20C4153B0022375E /* Helpers.swift in Sources */,
				518F8D8721270AB9005530C6 /* GHLatestRelease.swift in Sources */,
				5167430520AFE098003AFC4D /* DownloadManager.swift in Sources */,
				519F0D7520CCBFDA00332987 /* BookmarksViewController.swift in Sources */,
				5192CE81211E219D004A2E90 /* CompatPack.swift in Sources */,
				51E6684D2121447600FC154A /* AppUpdateChecker.swift in Sources */,
				515B77B520AF794500C7B07D /* ToolbarDelegate.swift in Sources */,
				51932D9720DEEA8400F44520 /* LoadingViewController.swift in Sources */,
				518A35FD2127BC4900F661F5 /* DefaultsKeys.swift in Sources */,
				51B12A1420B0603500E83844 /* DLItem.swift in Sources */,
				517FD72121153BB700E56CB6 /* GameArtworkViewController.swift in Sources */,
				5139DF89209FC6C6004F65F9 /* DetailsViewController.swift in Sources */,
				51EBE8212094E094005D44DC /* DataViewController.swift in Sources */,
				51932D9920DF06C700F44520 /* LoadingViewDelegate.swift in Sources */,
				51B12A1920B0CD1E00E83844 /* DownloadListItemCellView.swift in Sources */,
				516019E82131D65300BD7B0C /* DBMigration.swift in Sources */,
				517CD22C20AFA4A200C33623 /* DownloadViewController.swift in Sources */,
				5177A78820C3508D002F81F9 /* ExtractionManager.swift in Sources */,
				5192CE86211F1968004A2E90 /* LayerProtocols.swift in Sources */,
				5192CE83211E31B4004A2E90 /* DBManager.swift in Sources */,
				5192CE88211F1977004A2E90 /* LayerAPI.swift in Sources */,
				51ABB7572115D8A3009C98DA /* Item.swift in Sources */,
				512175A820A7D28B00772C86 /* WindowDelegate.swift in Sources */,
				517FD72321153C5100E56CB6 /* PSNStoreApi.swift in Sources */,
				5139DF87209F6DE9004F65F9 /* WindowController.swift in Sources */,
				517FD71F2114B7FF00E56CB6 /* Parser.swift in Sources */,
				5192CE8C211F1AAE004A2E90 /* Bookmark.swift in Sources */,
				51EBE81F2094E094005D44DC /* AppDelegate.swift in Sources */,
				51B1A315209511A6009C799C /* PreferencesViewController.swift in Sources */,
				515F58F522C663D2003370DA /* Files.swift in Sources */,
				5192CE7F211E18EA004A2E90 /* NetworkManager.swift in Sources */,
				519F0D7320CC852C00332987 /* BookmarkListItemCellView.swift in Sources */,
				5182C57F21140757003A5527 /* ItemType.swift in Sources */,
				5181948E20DDB52C009282AB /* NSTableView+keydown.swift in Sources */,
				5108B79E211641190065BA71 /* TSVData.swift in Sources */,
				5192CE8A211F19FA004A2E90 /* RealmStorageContext.swift in Sources */,
			);
			runOnlyForDeploymentPostprocessing = 0;
		};
/* End PBXSourcesBuildPhase section */

/* Begin PBXVariantGroup section */
		51EBE8272094E095005D44DC /* Main.storyboard */ = {
			isa = PBXVariantGroup;
			children = (
				51EBE8282094E095005D44DC /* Base */,
				96D9924C22BE60ED00DF8C23 /* en */,
				96D9924D22BE60F200DF8C23 /* zh-Hans */,
			);
			name = Main.storyboard;
			sourceTree = "<group>";
		};
/* End PBXVariantGroup section */

/* Begin XCBuildConfiguration section */
		51EBE82C2094E095005D44DC /* Debug */ = {
			isa = XCBuildConfiguration;
			buildSettings = {
				ALWAYS_SEARCH_USER_PATHS = NO;
				CLANG_ANALYZER_LOCALIZABILITY_NONLOCALIZED = YES;
				CLANG_ANALYZER_NONNULL = YES;
				CLANG_ANALYZER_NUMBER_OBJECT_CONVERSION = YES_AGGRESSIVE;
				CLANG_CXX_LANGUAGE_STANDARD = "gnu++14";
				CLANG_CXX_LIBRARY = "libc++";
				CLANG_ENABLE_MODULES = YES;
				CLANG_ENABLE_OBJC_ARC = YES;
				CLANG_ENABLE_OBJC_WEAK = YES;
				CLANG_WARN_BLOCK_CAPTURE_AUTORELEASING = YES;
				CLANG_WARN_BOOL_CONVERSION = YES;
				CLANG_WARN_COMMA = YES;
				CLANG_WARN_CONSTANT_CONVERSION = YES;
				CLANG_WARN_DEPRECATED_OBJC_IMPLEMENTATIONS = YES;
				CLANG_WARN_DIRECT_OBJC_ISA_USAGE = YES_ERROR;
				CLANG_WARN_DOCUMENTATION_COMMENTS = YES;
				CLANG_WARN_EMPTY_BODY = YES;
				CLANG_WARN_ENUM_CONVERSION = YES;
				CLANG_WARN_INFINITE_RECURSION = YES;
				CLANG_WARN_INT_CONVERSION = YES;
				CLANG_WARN_NON_LITERAL_NULL_CONVERSION = YES;
				CLANG_WARN_OBJC_IMPLICIT_RETAIN_SELF = YES;
				CLANG_WARN_OBJC_LITERAL_CONVERSION = YES;
				CLANG_WARN_OBJC_ROOT_CLASS = YES_ERROR;
				CLANG_WARN_RANGE_LOOP_ANALYSIS = YES;
				CLANG_WARN_STRICT_PROTOTYPES = YES;
				CLANG_WARN_SUSPICIOUS_MOVE = YES;
				CLANG_WARN_UNGUARDED_AVAILABILITY = YES_AGGRESSIVE;
				CLANG_WARN_UNREACHABLE_CODE = YES;
				CLANG_WARN__DUPLICATE_METHOD_MATCH = YES;
				CODE_SIGN_IDENTITY = "-";
				COPY_PHASE_STRIP = NO;
				CURRENT_PROJECT_VERSION = "";
				DEBUG_INFORMATION_FORMAT = dwarf;
				ENABLE_STRICT_OBJC_MSGSEND = YES;
				ENABLE_TESTABILITY = YES;
				GCC_C_LANGUAGE_STANDARD = gnu11;
				GCC_DYNAMIC_NO_PIC = NO;
				GCC_NO_COMMON_BLOCKS = YES;
				GCC_OPTIMIZATION_LEVEL = 0;
				GCC_PREPROCESSOR_DEFINITIONS = (
					"DEBUG=1",
					"$(inherited)",
				);
				GCC_WARN_64_TO_32_BIT_CONVERSION = YES;
				GCC_WARN_ABOUT_RETURN_TYPE = YES_ERROR;
				GCC_WARN_UNDECLARED_SELECTOR = YES;
				GCC_WARN_UNINITIALIZED_AUTOS = YES_AGGRESSIVE;
				GCC_WARN_UNUSED_FUNCTION = YES;
				GCC_WARN_UNUSED_VARIABLE = YES;
				MACOSX_DEPLOYMENT_TARGET = 10.11;
				MTL_ENABLE_DEBUG_INFO = YES;
				ONLY_ACTIVE_ARCH = YES;
				OTHER_SWIFT_FLAGS = "-Xfrontend -debug-time-function-bodies";
				SDKROOT = macosx;
				SWIFT_ACTIVE_COMPILATION_CONDITIONS = DEBUG;
				SWIFT_OPTIMIZATION_LEVEL = "-Onone";
				VERSIONING_SYSTEM = "";
			};
			name = Debug;
		};
		51EBE82D2094E095005D44DC /* Release */ = {
			isa = XCBuildConfiguration;
			buildSettings = {
				ALWAYS_SEARCH_USER_PATHS = NO;
				CLANG_ANALYZER_LOCALIZABILITY_NONLOCALIZED = YES;
				CLANG_ANALYZER_NONNULL = YES;
				CLANG_ANALYZER_NUMBER_OBJECT_CONVERSION = YES_AGGRESSIVE;
				CLANG_CXX_LANGUAGE_STANDARD = "gnu++14";
				CLANG_CXX_LIBRARY = "libc++";
				CLANG_ENABLE_MODULES = YES;
				CLANG_ENABLE_OBJC_ARC = YES;
				CLANG_ENABLE_OBJC_WEAK = YES;
				CLANG_WARN_BLOCK_CAPTURE_AUTORELEASING = YES;
				CLANG_WARN_BOOL_CONVERSION = YES;
				CLANG_WARN_COMMA = YES;
				CLANG_WARN_CONSTANT_CONVERSION = YES;
				CLANG_WARN_DEPRECATED_OBJC_IMPLEMENTATIONS = YES;
				CLANG_WARN_DIRECT_OBJC_ISA_USAGE = YES_ERROR;
				CLANG_WARN_DOCUMENTATION_COMMENTS = YES;
				CLANG_WARN_EMPTY_BODY = YES;
				CLANG_WARN_ENUM_CONVERSION = YES;
				CLANG_WARN_INFINITE_RECURSION = YES;
				CLANG_WARN_INT_CONVERSION = YES;
				CLANG_WARN_NON_LITERAL_NULL_CONVERSION = YES;
				CLANG_WARN_OBJC_IMPLICIT_RETAIN_SELF = YES;
				CLANG_WARN_OBJC_LITERAL_CONVERSION = YES;
				CLANG_WARN_OBJC_ROOT_CLASS = YES_ERROR;
				CLANG_WARN_RANGE_LOOP_ANALYSIS = YES;
				CLANG_WARN_STRICT_PROTOTYPES = YES;
				CLANG_WARN_SUSPICIOUS_MOVE = YES;
				CLANG_WARN_UNGUARDED_AVAILABILITY = YES_AGGRESSIVE;
				CLANG_WARN_UNREACHABLE_CODE = YES;
				CLANG_WARN__DUPLICATE_METHOD_MATCH = YES;
				CODE_SIGN_IDENTITY = "-";
				COPY_PHASE_STRIP = NO;
				CURRENT_PROJECT_VERSION = "";
				DEBUG_INFORMATION_FORMAT = "dwarf-with-dsym";
				ENABLE_NS_ASSERTIONS = NO;
				ENABLE_STRICT_OBJC_MSGSEND = YES;
				GCC_C_LANGUAGE_STANDARD = gnu11;
				GCC_NO_COMMON_BLOCKS = YES;
				GCC_WARN_64_TO_32_BIT_CONVERSION = YES;
				GCC_WARN_ABOUT_RETURN_TYPE = YES_ERROR;
				GCC_WARN_UNDECLARED_SELECTOR = YES;
				GCC_WARN_UNINITIALIZED_AUTOS = YES_AGGRESSIVE;
				GCC_WARN_UNUSED_FUNCTION = YES;
				GCC_WARN_UNUSED_VARIABLE = YES;
				MACOSX_DEPLOYMENT_TARGET = 10.11;
				MTL_ENABLE_DEBUG_INFO = NO;
				OTHER_SWIFT_FLAGS = "-Xfrontend -debug-time-function-bodies";
				SDKROOT = macosx;
				SWIFT_COMPILATION_MODE = wholemodule;
				SWIFT_OPTIMIZATION_LEVEL = "-O";
				VERSIONING_SYSTEM = "";
			};
			name = Release;
		};
		51EBE82F2094E095005D44DC /* Debug */ = {
			isa = XCBuildConfiguration;
			buildSettings = {
				ALWAYS_SEARCH_USER_PATHS = YES;
				ASSETCATALOG_COMPILER_APPICON_NAME = AppIcon;
				CLANG_ENABLE_MODULES = YES;
				CODE_SIGN_IDENTITY = "";
				CODE_SIGN_STYLE = Manual;
				COMBINE_HIDPI_IMAGES = YES;
				CURRENT_PROJECT_VERSION = "";
				DEVELOPMENT_TEAM = "";
				FRAMEWORK_SEARCH_PATHS = (
					"$(inherited)",
					"$(PROJECT_DIR)/Carthage/Build/Mac",
				);
				HEADER_SEARCH_PATHS = "$(SDKROOT)/usr/include/libxml2";
				INFOPLIST_FILE = "$(SRCROOT)/NPS Browser/Info.plist";
				LD_RUNPATH_SEARCH_PATHS = (
					"$(inherited)",
					"@executable_path/../Frameworks",
					"@loader_path/Frameworks",
				);
				MACOSX_DEPLOYMENT_TARGET = 10.11;
				OTHER_SWIFT_FLAGS = "$(inherited)\n$(inherited)\n$(inherited)\n \"-D\"\n \"COCOAPODS\"";
				PRODUCT_BUNDLE_IDENTIFIER = "JK3Y.NPS-Browser";
				PRODUCT_NAME = "$(TARGET_NAME)";
				PROVISIONING_PROFILE_SPECIFIER = "";
				SWIFT_INSTALL_OBJC_HEADER = NO;
				SWIFT_OPTIMIZATION_LEVEL = "-Onone";
				SWIFT_VERSION = 4.0;
				VERSIONING_SYSTEM = "";
			};
			name = Debug;
		};
		51EBE8302094E095005D44DC /* Release */ = {
			isa = XCBuildConfiguration;
			buildSettings = {
				ALWAYS_SEARCH_USER_PATHS = YES;
				ASSETCATALOG_COMPILER_APPICON_NAME = AppIcon;
				CLANG_ENABLE_MODULES = YES;
				CODE_SIGN_IDENTITY = "";
				CODE_SIGN_STYLE = Manual;
				COMBINE_HIDPI_IMAGES = YES;
				CURRENT_PROJECT_VERSION = "";
				DEVELOPMENT_TEAM = "";
				FRAMEWORK_SEARCH_PATHS = (
					"$(inherited)",
					"$(PROJECT_DIR)/Carthage/Build/Mac",
				);
				HEADER_SEARCH_PATHS = "$(SDKROOT)/usr/include/libxml2";
				INFOPLIST_FILE = "$(SRCROOT)/NPS Browser/Info.plist";
				LD_RUNPATH_SEARCH_PATHS = (
					"$(inherited)",
					"@executable_path/../Frameworks",
					"@loader_path/Frameworks",
				);
				MACOSX_DEPLOYMENT_TARGET = 10.11;
				OTHER_SWIFT_FLAGS = "$(inherited)\n$(inherited)\n$(inherited)\n \"-D\"\n \"COCOAPODS\"";
				PRODUCT_BUNDLE_IDENTIFIER = "JK3Y.NPS-Browser";
				PRODUCT_NAME = "$(TARGET_NAME)";
				PROVISIONING_PROFILE_SPECIFIER = "";
				SWIFT_INSTALL_OBJC_HEADER = NO;
				SWIFT_VERSION = 4.0;
				VERSIONING_SYSTEM = "";
			};
			name = Release;
		};
/* End XCBuildConfiguration section */

/* Begin XCConfigurationList section */
		51EBE8162094E094005D44DC /* Build configuration list for PBXProject "NPS Browser" */ = {
			isa = XCConfigurationList;
			buildConfigurations = (
				51EBE82C2094E095005D44DC /* Debug */,
				51EBE82D2094E095005D44DC /* Release */,
			);
			defaultConfigurationIsVisible = 0;
			defaultConfigurationName = Release;
		};
		51EBE82E2094E095005D44DC /* Build configuration list for PBXNativeTarget "NPS Browser" */ = {
			isa = XCConfigurationList;
			buildConfigurations = (
				51EBE82F2094E095005D44DC /* Debug */,
				51EBE8302094E095005D44DC /* Release */,
			);
			defaultConfigurationIsVisible = 0;
			defaultConfigurationName = Release;
		};
/* End XCConfigurationList section */
	};
	rootObject = 51EBE8132094E094005D44DC /* Project object */;
}
