// !$*UTF8*$!
{
	archiveVersion = 1;
	classes = {
	};
	objectVersion = 50;
	objects = {

/* Begin PBXBuildFile section */
		325116335FB3B36ED93C5E15 /* Pods_NPS_Browser.framework in Frameworks */ = {isa = PBXBuildFile; fileRef = 51A1E740B4DC196812A14F35 /* Pods_NPS_Browser.framework */; };
		5108B79E211641190065BA71 /* TSVData.swift in Sources */ = {isa = PBXBuildFile; fileRef = 5108B79D211641190065BA71 /* TSVData.swift */; };
		511BB9D92120FE3E004F4860 /* GameArtworkDelegate.swift in Sources */ = {isa = PBXBuildFile; fileRef = 511BB9D82120FE3E004F4860 /* GameArtworkDelegate.swift */; };
		512175A820A7D28B00772C86 /* WindowDelegate.swift in Sources */ = {isa = PBXBuildFile; fileRef = 512175A720A7D28B00772C86 /* WindowDelegate.swift */; };
		5139DF87209F6DE9004F65F9 /* WindowController.swift in Sources */ = {isa = PBXBuildFile; fileRef = 5139DF86209F6DE9004F65F9 /* WindowController.swift */; };
		5139DF89209FC6C6004F65F9 /* DetailsViewController.swift in Sources */ = {isa = PBXBuildFile; fileRef = 5139DF88209FC6C6004F65F9 /* DetailsViewController.swift */; };
		513BDDA22096689500D82889 /* SettingsManager.swift in Sources */ = {isa = PBXBuildFile; fileRef = 513BDDA12096689500D82889 /* SettingsManager.swift */; };
		515B77B520AF794500C7B07D /* ToolbarDelegate.swift in Sources */ = {isa = PBXBuildFile; fileRef = 515B77B420AF794500C7B07D /* ToolbarDelegate.swift */; };
		5167430520AFE098003AFC4D /* DownloadManager.swift in Sources */ = {isa = PBXBuildFile; fileRef = 5167430420AFE098003AFC4D /* DownloadManager.swift */; };
		516A1B7720CAE276004D6AE5 /* CHANGELOG.md in Resources */ = {isa = PBXBuildFile; fileRef = 516A1B7620CAE275004D6AE5 /* CHANGELOG.md */; };
		516A1B7920CAE28A004D6AE5 /* README.md in Resources */ = {isa = PBXBuildFile; fileRef = 516A1B7820CAE28A004D6AE5 /* README.md */; };
		5177A78620C33C0F002F81F9 /* pkg2zip in Resources */ = {isa = PBXBuildFile; fileRef = 5177A78520C33C0E002F81F9 /* pkg2zip */; };
		5177A78820C3508D002F81F9 /* ExtractionManager.swift in Sources */ = {isa = PBXBuildFile; fileRef = 5177A78720C3508D002F81F9 /* ExtractionManager.swift */; };
		517CD22C20AFA4A200C33623 /* DownloadController.swift in Sources */ = {isa = PBXBuildFile; fileRef = 517CD22B20AFA4A200C33623 /* DownloadController.swift */; };
		517FD71F2114B7FF00E56CB6 /* Parser.swift in Sources */ = {isa = PBXBuildFile; fileRef = 517FD71E2114B7FF00E56CB6 /* Parser.swift */; };
		517FD72121153BB700E56CB6 /* BoxartViewController.swift in Sources */ = {isa = PBXBuildFile; fileRef = 517FD72021153BB700E56CB6 /* BoxartViewController.swift */; };
		517FD72321153C5100E56CB6 /* Renascene.swift in Sources */ = {isa = PBXBuildFile; fileRef = 517FD72221153C5100E56CB6 /* Renascene.swift */; };
		5181948E20DDB52C009282AB /* NSTableView+keydown.swift in Sources */ = {isa = PBXBuildFile; fileRef = 5181948D20DDB52C009282AB /* NSTableView+keydown.swift */; };
		5182C57F21140757003A5527 /* ItemType.swift in Sources */ = {isa = PBXBuildFile; fileRef = 5182C57E21140757003A5527 /* ItemType.swift */; };
		51843FD120CB9DF2009AE9A4 /* .gitignore in Resources */ = {isa = PBXBuildFile; fileRef = 51843FD020CB9DF2009AE9A4 /* .gitignore */; };
		518BF15920B2260100A8044C /* Settings.swift in Sources */ = {isa = PBXBuildFile; fileRef = 518BF15820B2260100A8044C /* Settings.swift */; };
		518C72EB20C4153B0022375E /* Helpers.swift in Sources */ = {isa = PBXBuildFile; fileRef = 518C72EA20C4153B0022375E /* Helpers.swift */; };
		5192CE7F211E18EA004A2E90 /* NetworkManager.swift in Sources */ = {isa = PBXBuildFile; fileRef = 5192CE7E211E18EA004A2E90 /* NetworkManager.swift */; };
		5192CE81211E219D004A2E90 /* CompatPack.swift in Sources */ = {isa = PBXBuildFile; fileRef = 5192CE80211E219D004A2E90 /* CompatPack.swift */; };
		5192CE83211E31B4004A2E90 /* DBManager.swift in Sources */ = {isa = PBXBuildFile; fileRef = 5192CE82211E31B4004A2E90 /* DBManager.swift */; };
		5192CE86211F1968004A2E90 /* LayerProtocols.swift in Sources */ = {isa = PBXBuildFile; fileRef = 5192CE85211F1968004A2E90 /* LayerProtocols.swift */; };
		5192CE88211F1977004A2E90 /* LayerAPI.swift in Sources */ = {isa = PBXBuildFile; fileRef = 5192CE87211F1977004A2E90 /* LayerAPI.swift */; };
		5192CE8A211F19FA004A2E90 /* RealmStorageContext.swift in Sources */ = {isa = PBXBuildFile; fileRef = 5192CE89211F19FA004A2E90 /* RealmStorageContext.swift */; };
		5192CE8C211F1AAE004A2E90 /* Bookmark.swift in Sources */ = {isa = PBXBuildFile; fileRef = 5192CE8B211F1AAE004A2E90 /* Bookmark.swift */; };
		51932D9720DEEA8400F44520 /* LoadingViewController.swift in Sources */ = {isa = PBXBuildFile; fileRef = 51932D9620DEEA8400F44520 /* LoadingViewController.swift */; };
		51932D9920DF06C700F44520 /* LoadingViewDelegate.swift in Sources */ = {isa = PBXBuildFile; fileRef = 51932D9820DF06C700F44520 /* LoadingViewDelegate.swift */; };
		519F0D7320CC852C00332987 /* BookmarkListItemCellView.swift in Sources */ = {isa = PBXBuildFile; fileRef = 519F0D7220CC852C00332987 /* BookmarkListItemCellView.swift */; };
		519F0D7520CCBFDA00332987 /* BookmarksViewController.swift in Sources */ = {isa = PBXBuildFile; fileRef = 519F0D7420CCBFDA00332987 /* BookmarksViewController.swift */; };
		51ABB7572115D8A3009C98DA /* Item.swift in Sources */ = {isa = PBXBuildFile; fileRef = 51ABB7562115D8A3009C98DA /* Item.swift */; };
		51B12A1420B0603500E83844 /* DLItem.swift in Sources */ = {isa = PBXBuildFile; fileRef = 51B12A1320B0603500E83844 /* DLItem.swift */; };
		51B12A1920B0CD1E00E83844 /* DownloadListItemCellView.swift in Sources */ = {isa = PBXBuildFile; fileRef = 51B12A1820B0CD1E00E83844 /* DownloadListItemCellView.swift */; };
		51B1A315209511A6009C799C /* SettingsViewController.swift in Sources */ = {isa = PBXBuildFile; fileRef = 51B1A314209511A6009C799C /* SettingsViewController.swift */; };
		51E6684D2121447600FC154A /* AppUpdateChecker.swift in Sources */ = {isa = PBXBuildFile; fileRef = 51E6684C2121447600FC154A /* AppUpdateChecker.swift */; };
		51E82B0D210CEBAC00E68A31 /* vitaupdatelinks in Resources */ = {isa = PBXBuildFile; fileRef = 51E82B0C210CEBAC00E68A31 /* vitaupdatelinks */; };
		51EBE81F2094E094005D44DC /* AppDelegate.swift in Sources */ = {isa = PBXBuildFile; fileRef = 51EBE81E2094E094005D44DC /* AppDelegate.swift */; };
		51EBE8212094E094005D44DC /* DataViewController.swift in Sources */ = {isa = PBXBuildFile; fileRef = 51EBE8202094E094005D44DC /* DataViewController.swift */; };
		51EBE8262094E095005D44DC /* Assets.xcassets in Resources */ = {isa = PBXBuildFile; fileRef = 51EBE8252094E095005D44DC /* Assets.xcassets */; };
		51EBE8292094E095005D44DC /* Main.storyboard in Resources */ = {isa = PBXBuildFile; fileRef = 51EBE8272094E095005D44DC /* Main.storyboard */; };
/* End PBXBuildFile section */

/* Begin PBXFileReference section */
		0D2727CCD3895D77ED8CB0CF /* Pods-NPS Browser.debug.xcconfig */ = {isa = PBXFileReference; includeInIndex = 1; lastKnownFileType = text.xcconfig; name = "Pods-NPS Browser.debug.xcconfig"; path = "Pods/Target Support Files/Pods-NPS Browser/Pods-NPS Browser.debug.xcconfig"; sourceTree = "<group>"; };
		5108B79D211641190065BA71 /* TSVData.swift */ = {isa = PBXFileReference; lastKnownFileType = sourcecode.swift; path = TSVData.swift; sourceTree = "<group>"; };
		511BB9D82120FE3E004F4860 /* GameArtworkDelegate.swift */ = {isa = PBXFileReference; lastKnownFileType = sourcecode.swift; path = GameArtworkDelegate.swift; sourceTree = "<group>"; };
		5121752E20A73EBC00772C86 /* NPS Browser.entitlements */ = {isa = PBXFileReference; lastKnownFileType = text.plist.entitlements; path = "NPS Browser.entitlements"; sourceTree = "<group>"; };
		512175A720A7D28B00772C86 /* WindowDelegate.swift */ = {isa = PBXFileReference; lastKnownFileType = sourcecode.swift; path = WindowDelegate.swift; sourceTree = "<group>"; };
		5139DF86209F6DE9004F65F9 /* WindowController.swift */ = {isa = PBXFileReference; lastKnownFileType = sourcecode.swift; path = WindowController.swift; sourceTree = "<group>"; };
		5139DF88209FC6C6004F65F9 /* DetailsViewController.swift */ = {isa = PBXFileReference; lastKnownFileType = sourcecode.swift; path = DetailsViewController.swift; sourceTree = "<group>"; };
		513BDDA12096689500D82889 /* SettingsManager.swift */ = {isa = PBXFileReference; lastKnownFileType = sourcecode.swift; path = SettingsManager.swift; sourceTree = "<group>"; };
		515B77B420AF794500C7B07D /* ToolbarDelegate.swift */ = {isa = PBXFileReference; lastKnownFileType = sourcecode.swift; path = ToolbarDelegate.swift; sourceTree = "<group>"; };
		5167430420AFE098003AFC4D /* DownloadManager.swift */ = {isa = PBXFileReference; lastKnownFileType = sourcecode.swift; path = DownloadManager.swift; sourceTree = "<group>"; };
		516A1B7620CAE275004D6AE5 /* CHANGELOG.md */ = {isa = PBXFileReference; fileEncoding = 4; lastKnownFileType = net.daringfireball.markdown; path = CHANGELOG.md; sourceTree = "<group>"; };
		516A1B7820CAE28A004D6AE5 /* README.md */ = {isa = PBXFileReference; fileEncoding = 4; lastKnownFileType = net.daringfireball.markdown; path = README.md; sourceTree = "<group>"; };
		5177A78520C33C0E002F81F9 /* pkg2zip */ = {isa = PBXFileReference; lastKnownFileType = "compiled.mach-o.executable"; path = pkg2zip; sourceTree = "<group>"; };
		5177A78720C3508D002F81F9 /* ExtractionManager.swift */ = {isa = PBXFileReference; lastKnownFileType = sourcecode.swift; path = ExtractionManager.swift; sourceTree = "<group>"; };
		517CD22B20AFA4A200C33623 /* DownloadController.swift */ = {isa = PBXFileReference; lastKnownFileType = sourcecode.swift; path = DownloadController.swift; sourceTree = "<group>"; };
		517FD71E2114B7FF00E56CB6 /* Parser.swift */ = {isa = PBXFileReference; lastKnownFileType = sourcecode.swift; path = Parser.swift; sourceTree = "<group>"; };
		517FD72021153BB700E56CB6 /* BoxartViewController.swift */ = {isa = PBXFileReference; lastKnownFileType = sourcecode.swift; path = BoxartViewController.swift; sourceTree = "<group>"; };
		517FD72221153C5100E56CB6 /* Renascene.swift */ = {isa = PBXFileReference; lastKnownFileType = sourcecode.swift; path = Renascene.swift; sourceTree = "<group>"; };
		5181948D20DDB52C009282AB /* NSTableView+keydown.swift */ = {isa = PBXFileReference; lastKnownFileType = sourcecode.swift; path = "NSTableView+keydown.swift"; sourceTree = "<group>"; };
		5182C57E21140757003A5527 /* ItemType.swift */ = {isa = PBXFileReference; lastKnownFileType = sourcecode.swift; path = ItemType.swift; sourceTree = "<group>"; };
		51843FD020CB9DF2009AE9A4 /* .gitignore */ = {isa = PBXFileReference; lastKnownFileType = text; path = .gitignore; sourceTree = "<group>"; };
		518BF15820B2260100A8044C /* Settings.swift */ = {isa = PBXFileReference; lastKnownFileType = sourcecode.swift; path = Settings.swift; sourceTree = "<group>"; };
		518C72EA20C4153B0022375E /* Helpers.swift */ = {isa = PBXFileReference; lastKnownFileType = sourcecode.swift; path = Helpers.swift; sourceTree = "<group>"; };
		5192CE7E211E18EA004A2E90 /* NetworkManager.swift */ = {isa = PBXFileReference; lastKnownFileType = sourcecode.swift; path = NetworkManager.swift; sourceTree = "<group>"; };
		5192CE80211E219D004A2E90 /* CompatPack.swift */ = {isa = PBXFileReference; lastKnownFileType = sourcecode.swift; path = CompatPack.swift; sourceTree = "<group>"; };
		5192CE82211E31B4004A2E90 /* DBManager.swift */ = {isa = PBXFileReference; lastKnownFileType = sourcecode.swift; path = DBManager.swift; sourceTree = "<group>"; };
		5192CE85211F1968004A2E90 /* LayerProtocols.swift */ = {isa = PBXFileReference; lastKnownFileType = sourcecode.swift; path = LayerProtocols.swift; sourceTree = "<group>"; };
		5192CE87211F1977004A2E90 /* LayerAPI.swift */ = {isa = PBXFileReference; lastKnownFileType = sourcecode.swift; path = LayerAPI.swift; sourceTree = "<group>"; };
		5192CE89211F19FA004A2E90 /* RealmStorageContext.swift */ = {isa = PBXFileReference; lastKnownFileType = sourcecode.swift; path = RealmStorageContext.swift; sourceTree = "<group>"; };
		5192CE8B211F1AAE004A2E90 /* Bookmark.swift */ = {isa = PBXFileReference; lastKnownFileType = sourcecode.swift; path = Bookmark.swift; sourceTree = "<group>"; };
		51932D9620DEEA8400F44520 /* LoadingViewController.swift */ = {isa = PBXFileReference; lastKnownFileType = sourcecode.swift; path = LoadingViewController.swift; sourceTree = "<group>"; };
		51932D9820DF06C700F44520 /* LoadingViewDelegate.swift */ = {isa = PBXFileReference; lastKnownFileType = sourcecode.swift; path = LoadingViewDelegate.swift; sourceTree = "<group>"; };
		519F0D7220CC852C00332987 /* BookmarkListItemCellView.swift */ = {isa = PBXFileReference; lastKnownFileType = sourcecode.swift; path = BookmarkListItemCellView.swift; sourceTree = "<group>"; };
		519F0D7420CCBFDA00332987 /* BookmarksViewController.swift */ = {isa = PBXFileReference; lastKnownFileType = sourcecode.swift; path = BookmarksViewController.swift; sourceTree = "<group>"; };
		51A1E740B4DC196812A14F35 /* Pods_NPS_Browser.framework */ = {isa = PBXFileReference; explicitFileType = wrapper.framework; includeInIndex = 0; path = Pods_NPS_Browser.framework; sourceTree = BUILT_PRODUCTS_DIR; };
		51ABB7562115D8A3009C98DA /* Item.swift */ = {isa = PBXFileReference; lastKnownFileType = sourcecode.swift; path = Item.swift; sourceTree = "<group>"; };
		51B12A1320B0603500E83844 /* DLItem.swift */ = {isa = PBXFileReference; lastKnownFileType = sourcecode.swift; path = DLItem.swift; sourceTree = "<group>"; };
		51B12A1820B0CD1E00E83844 /* DownloadListItemCellView.swift */ = {isa = PBXFileReference; lastKnownFileType = sourcecode.swift; path = DownloadListItemCellView.swift; sourceTree = "<group>"; };
		51B1A314209511A6009C799C /* SettingsViewController.swift */ = {isa = PBXFileReference; lastKnownFileType = sourcecode.swift; path = SettingsViewController.swift; sourceTree = "<group>"; };
		51E6684C2121447600FC154A /* AppUpdateChecker.swift */ = {isa = PBXFileReference; lastKnownFileType = sourcecode.swift; path = AppUpdateChecker.swift; sourceTree = "<group>"; };
		51E82B0C210CEBAC00E68A31 /* vitaupdatelinks */ = {isa = PBXFileReference; lastKnownFileType = "compiled.mach-o.executable"; path = vitaupdatelinks; sourceTree = "<group>"; };
		51EBE81B2094E094005D44DC /* NPS Browser.app */ = {isa = PBXFileReference; explicitFileType = wrapper.application; includeInIndex = 0; path = "NPS Browser.app"; sourceTree = BUILT_PRODUCTS_DIR; };
		51EBE81E2094E094005D44DC /* AppDelegate.swift */ = {isa = PBXFileReference; lastKnownFileType = sourcecode.swift; path = AppDelegate.swift; sourceTree = "<group>"; };
		51EBE8202094E094005D44DC /* DataViewController.swift */ = {isa = PBXFileReference; lastKnownFileType = sourcecode.swift; path = DataViewController.swift; sourceTree = "<group>"; };
		51EBE8252094E095005D44DC /* Assets.xcassets */ = {isa = PBXFileReference; lastKnownFileType = folder.assetcatalog; path = Assets.xcassets; sourceTree = "<group>"; };
		51EBE8282094E095005D44DC /* Base */ = {isa = PBXFileReference; lastKnownFileType = file.storyboard; name = Base; path = Base.lproj/Main.storyboard; sourceTree = "<group>"; };
		51EBE82A2094E095005D44DC /* Info.plist */ = {isa = PBXFileReference; lastKnownFileType = text.plist.xml; path = Info.plist; sourceTree = "<group>"; };
		F354D0EAB719006A27CF7F0B /* Pods-NPS Browser.release.xcconfig */ = {isa = PBXFileReference; includeInIndex = 1; lastKnownFileType = text.xcconfig; name = "Pods-NPS Browser.release.xcconfig"; path = "Pods/Target Support Files/Pods-NPS Browser/Pods-NPS Browser.release.xcconfig"; sourceTree = "<group>"; };
/* End PBXFileReference section */

/* Begin PBXFrameworksBuildPhase section */
		51EBE8182094E094005D44DC /* Frameworks */ = {
			isa = PBXFrameworksBuildPhase;
			buildActionMask = 2147483647;
			files = (
				325116335FB3B36ED93C5E15 /* Pods_NPS_Browser.framework in Frameworks */,
			);
			runOnlyForDeploymentPostprocessing = 0;
		};
/* End PBXFrameworksBuildPhase section */

/* Begin PBXGroup section */
		2D9ADAD9C9E626C1407D0969 /* Frameworks */ = {
			isa = PBXGroup;
			children = (
				51A1E740B4DC196812A14F35 /* Pods_NPS_Browser.framework */,
			);
			name = Frameworks;
			sourceTree = "<group>";
		};
		516B855220AE7FE800E4A083 /* services */ = {
			isa = PBXGroup;
			children = (
				5167430420AFE098003AFC4D /* DownloadManager.swift */,
				5177A78720C3508D002F81F9 /* ExtractionManager.swift */,
				518C72EA20C4153B0022375E /* Helpers.swift */,
				513BDDA12096689500D82889 /* SettingsManager.swift */,
				517FD71E2114B7FF00E56CB6 /* Parser.swift */,
				517FD72221153C5100E56CB6 /* Renascene.swift */,
				5192CE7E211E18EA004A2E90 /* NetworkManager.swift */,
				5192CE82211E31B4004A2E90 /* DBManager.swift */,
				51E6684C2121447600FC154A /* AppUpdateChecker.swift */,
			);
			path = services;
			sourceTree = "<group>";
		};
		5181948C20DDB4C9009282AB /* extensions */ = {
			isa = PBXGroup;
			children = (
				5181948D20DDB52C009282AB /* NSTableView+keydown.swift */,
			);
			path = extensions;
			sourceTree = "<group>";
		};
		5181948F20DDB5E8009282AB /* delegates */ = {
			isa = PBXGroup;
			children = (
				515B77B420AF794500C7B07D /* ToolbarDelegate.swift */,
				512175A720A7D28B00772C86 /* WindowDelegate.swift */,
				51932D9820DF06C700F44520 /* LoadingViewDelegate.swift */,
				511BB9D82120FE3E004F4860 /* GameArtworkDelegate.swift */,
			);
			path = delegates;
			sourceTree = "<group>";
		};
		5192CE84211F192D004A2E90 /* models */ = {
			isa = PBXGroup;
			children = (
				5192CE8B211F1AAE004A2E90 /* Bookmark.swift */,
				5192CE80211E219D004A2E90 /* CompatPack.swift */,
				51ABB7562115D8A3009C98DA /* Item.swift */,
			);
			path = models;
			sourceTree = "<group>";
		};
		51A767A120A6992500052F53 /* controllers */ = {
			isa = PBXGroup;
			children = (
				519F0D7420CCBFDA00332987 /* BookmarksViewController.swift */,
				51EBE8202094E094005D44DC /* DataViewController.swift */,
				5139DF88209FC6C6004F65F9 /* DetailsViewController.swift */,
				517CD22B20AFA4A200C33623 /* DownloadController.swift */,
				51B1A314209511A6009C799C /* SettingsViewController.swift */,
				5139DF86209F6DE9004F65F9 /* WindowController.swift */,
				51932D9620DEEA8400F44520 /* LoadingViewController.swift */,
				517FD72021153BB700E56CB6 /* BoxartViewController.swift */,
			);
			path = controllers;
			sourceTree = "<group>";
		};
		51A767A220A699AC00052F53 /* models */ = {
			isa = PBXGroup;
			children = (
				51B12A1320B0603500E83844 /* DLItem.swift */,
				518BF15820B2260100A8044C /* Settings.swift */,
				5182C57E21140757003A5527 /* ItemType.swift */,
				5108B79D211641190065BA71 /* TSVData.swift */,
			);
			path = models;
			sourceTree = "<group>";
		};
		51ABB7552115D80F009C98DA /* db */ = {
			isa = PBXGroup;
			children = (
				5192CE84211F192D004A2E90 /* models */,
				5192CE85211F1968004A2E90 /* LayerProtocols.swift */,
				5192CE87211F1977004A2E90 /* LayerAPI.swift */,
				5192CE89211F19FA004A2E90 /* RealmStorageContext.swift */,
			);
			path = db;
			sourceTree = "<group>";
		};
		51B12A1520B0C59400E83844 /* views */ = {
			isa = PBXGroup;
			children = (
				519F0D7220CC852C00332987 /* BookmarkListItemCellView.swift */,
				51B12A1820B0CD1E00E83844 /* DownloadListItemCellView.swift */,
			);
			path = views;
			sourceTree = "<group>";
		};
		51EBE8122094E094005D44DC = {
			isa = PBXGroup;
			children = (
				51843FD020CB9DF2009AE9A4 /* .gitignore */,
				516A1B7820CAE28A004D6AE5 /* README.md */,
				516A1B7620CAE275004D6AE5 /* CHANGELOG.md */,
				51EBE81D2094E094005D44DC /* NPS Browser */,
				51EBE81C2094E094005D44DC /* Products */,
				2D9ADAD9C9E626C1407D0969 /* Frameworks */,
				C2D1BAB79E01FBB5E34E9353 /* Pods */,
			);
			sourceTree = "<group>";
		};
		51EBE81C2094E094005D44DC /* Products */ = {
			isa = PBXGroup;
			children = (
				51EBE81B2094E094005D44DC /* NPS Browser.app */,
			);
			name = Products;
			sourceTree = "<group>";
		};
		51EBE81D2094E094005D44DC /* NPS Browser */ = {
			isa = PBXGroup;
			children = (
				51E82B0C210CEBAC00E68A31 /* vitaupdatelinks */,
				5177A78520C33C0E002F81F9 /* pkg2zip */,
				51A767A120A6992500052F53 /* controllers */,
				51ABB7552115D80F009C98DA /* db */,
				51A767A220A699AC00052F53 /* models */,
				51B12A1520B0C59400E83844 /* views */,
				516B855220AE7FE800E4A083 /* services */,
				5181948F20DDB5E8009282AB /* delegates */,
				5181948C20DDB4C9009282AB /* extensions */,
				51EBE81E2094E094005D44DC /* AppDelegate.swift */,
				51EBE8252094E095005D44DC /* Assets.xcassets */,
				51EBE8272094E095005D44DC /* Main.storyboard */,
				51EBE82A2094E095005D44DC /* Info.plist */,
				5121752E20A73EBC00772C86 /* NPS Browser.entitlements */,
			);
			path = "NPS Browser";
			sourceTree = "<group>";
		};
		C2D1BAB79E01FBB5E34E9353 /* Pods */ = {
			isa = PBXGroup;
			children = (
				0D2727CCD3895D77ED8CB0CF /* Pods-NPS Browser.debug.xcconfig */,
				F354D0EAB719006A27CF7F0B /* Pods-NPS Browser.release.xcconfig */,
			);
			name = Pods;
			sourceTree = "<group>";
		};
/* End PBXGroup section */

/* Begin PBXNativeTarget section */
		51EBE81A2094E094005D44DC /* NPS Browser */ = {
			isa = PBXNativeTarget;
			buildConfigurationList = 51EBE82E2094E095005D44DC /* Build configuration list for PBXNativeTarget "NPS Browser" */;
			buildPhases = (
				62485319F0B13059B6D62557 /* [CP] Check Pods Manifest.lock */,
				51EBE8172094E094005D44DC /* Sources */,
				51EBE8182094E094005D44DC /* Frameworks */,
				51EBE8192094E094005D44DC /* Resources */,
				B6404AB26DE6873FEDF0EC1A /* [CP] Embed Pods Frameworks */,
			);
			buildRules = (
			);
			dependencies = (
			);
			name = "NPS Browser";
			productName = "NPS Browser";
			productReference = 51EBE81B2094E094005D44DC /* NPS Browser.app */;
			productType = "com.apple.product-type.application";
		};
/* End PBXNativeTarget section */

/* Begin PBXProject section */
		51EBE8132094E094005D44DC /* Project object */ = {
			isa = PBXProject;
			attributes = {
				CLASSPREFIX = "";
				LastSwiftUpdateCheck = 0930;
				LastUpgradeCheck = 0930;
				ORGANIZATIONNAME = JK3Y;
				TargetAttributes = {
					51EBE81A2094E094005D44DC = {
						CreatedOnToolsVersion = 9.3;
						LastSwiftMigration = 0940;
						SystemCapabilities = {
							com.apple.Sandbox = {
								enabled = 0;
							};
						};
					};
				};
			};
			buildConfigurationList = 51EBE8162094E094005D44DC /* Build configuration list for PBXProject "NPS Browser" */;
			compatibilityVersion = "Xcode 9.3";
			developmentRegion = en;
			hasScannedForEncodings = 0;
			knownRegions = (
				en,
				Base,
			);
			mainGroup = 51EBE8122094E094005D44DC;
			productRefGroup = 51EBE81C2094E094005D44DC /* Products */;
			projectDirPath = "";
			projectRoot = "";
			targets = (
				51EBE81A2094E094005D44DC /* NPS Browser */,
			);
		};
/* End PBXProject section */

/* Begin PBXResourcesBuildPhase section */
		51EBE8192094E094005D44DC /* Resources */ = {
			isa = PBXResourcesBuildPhase;
			buildActionMask = 2147483647;
			files = (
				51E82B0D210CEBAC00E68A31 /* vitaupdatelinks in Resources */,
				516A1B7920CAE28A004D6AE5 /* README.md in Resources */,
				51843FD120CB9DF2009AE9A4 /* .gitignore in Resources */,
				51EBE8262094E095005D44DC /* Assets.xcassets in Resources */,
				516A1B7720CAE276004D6AE5 /* CHANGELOG.md in Resources */,
				5177A78620C33C0F002F81F9 /* pkg2zip in Resources */,
				51EBE8292094E095005D44DC /* Main.storyboard in Resources */,
			);
			runOnlyForDeploymentPostprocessing = 0;
		};
/* End PBXResourcesBuildPhase section */

/* Begin PBXShellScriptBuildPhase section */
		62485319F0B13059B6D62557 /* [CP] Check Pods Manifest.lock */ = {
			isa = PBXShellScriptBuildPhase;
			buildActionMask = 2147483647;
			files = (
			);
			inputPaths = (
				"${PODS_PODFILE_DIR_PATH}/Podfile.lock",
				"${PODS_ROOT}/Manifest.lock",
			);
			name = "[CP] Check Pods Manifest.lock";
			outputPaths = (
				"$(DERIVED_FILE_DIR)/Pods-NPS Browser-checkManifestLockResult.txt",
			);
			runOnlyForDeploymentPostprocessing = 0;
			shellPath = /bin/sh;
			shellScript = "diff \"${PODS_PODFILE_DIR_PATH}/Podfile.lock\" \"${PODS_ROOT}/Manifest.lock\" > /dev/null\nif [ $? != 0 ] ; then\n    # print error to STDERR\n    echo \"error: The sandbox is not in sync with the Podfile.lock. Run 'pod install' or update your CocoaPods installation.\" >&2\n    exit 1\nfi\n# This output is used by Xcode 'outputs' to avoid re-running this script phase.\necho \"SUCCESS\" > \"${SCRIPT_OUTPUT_FILE_0}\"\n";
			showEnvVarsInLog = 0;
		};
		B6404AB26DE6873FEDF0EC1A /* [CP] Embed Pods Frameworks */ = {
			isa = PBXShellScriptBuildPhase;
			buildActionMask = 2147483647;
			files = (
			);
			inputPaths = (
				"${SRCROOT}/Pods/Target Support Files/Pods-NPS Browser/Pods-NPS Browser-frameworks.sh",
				"${BUILT_PRODUCTS_DIR}/Alamofire/Alamofire.framework",
				"${BUILT_PRODUCTS_DIR}/AlamofireImage/AlamofireImage.framework",
				"${BUILT_PRODUCTS_DIR}/Files/Files.framework",
				"${BUILT_PRODUCTS_DIR}/Fuzi/Fuzi.framework",
				"${BUILT_PRODUCTS_DIR}/PromisesObjC/FBLPromises.framework",
				"${BUILT_PRODUCTS_DIR}/PromisesSwift/Promises.framework",
				"${BUILT_PRODUCTS_DIR}/Queuer/Queuer.framework",
				"${BUILT_PRODUCTS_DIR}/Realm/Realm.framework",
				"${BUILT_PRODUCTS_DIR}/RealmSwift/RealmSwift.framework",
				"${BUILT_PRODUCTS_DIR}/SwiftyBeaver/SwiftyBeaver.framework",
				"${BUILT_PRODUCTS_DIR}/Zip/Zip.framework",
			);
			name = "[CP] Embed Pods Frameworks";
			outputPaths = (
				"${TARGET_BUILD_DIR}/${FRAMEWORKS_FOLDER_PATH}/Alamofire.framework",
				"${TARGET_BUILD_DIR}/${FRAMEWORKS_FOLDER_PATH}/AlamofireImage.framework",
				"${TARGET_BUILD_DIR}/${FRAMEWORKS_FOLDER_PATH}/Files.framework",
				"${TARGET_BUILD_DIR}/${FRAMEWORKS_FOLDER_PATH}/Fuzi.framework",
				"${TARGET_BUILD_DIR}/${FRAMEWORKS_FOLDER_PATH}/FBLPromises.framework",
				"${TARGET_BUILD_DIR}/${FRAMEWORKS_FOLDER_PATH}/Promises.framework",
				"${TARGET_BUILD_DIR}/${FRAMEWORKS_FOLDER_PATH}/Queuer.framework",
				"${TARGET_BUILD_DIR}/${FRAMEWORKS_FOLDER_PATH}/Realm.framework",
				"${TARGET_BUILD_DIR}/${FRAMEWORKS_FOLDER_PATH}/RealmSwift.framework",
				"${TARGET_BUILD_DIR}/${FRAMEWORKS_FOLDER_PATH}/SwiftyBeaver.framework",
				"${TARGET_BUILD_DIR}/${FRAMEWORKS_FOLDER_PATH}/Zip.framework",
			);
			runOnlyForDeploymentPostprocessing = 0;
			shellPath = /bin/sh;
			shellScript = "\"${SRCROOT}/Pods/Target Support Files/Pods-NPS Browser/Pods-NPS Browser-frameworks.sh\"\n";
			showEnvVarsInLog = 0;
		};
/* End PBXShellScriptBuildPhase section */

/* Begin PBXSourcesBuildPhase section */
		51EBE8172094E094005D44DC /* Sources */ = {
			isa = PBXSourcesBuildPhase;
			buildActionMask = 2147483647;
			files = (
				518C72EB20C4153B0022375E /* Helpers.swift in Sources */,
				5167430520AFE098003AFC4D /* DownloadManager.swift in Sources */,
				519F0D7520CCBFDA00332987 /* BookmarksViewController.swift in Sources */,
				5192CE81211E219D004A2E90 /* CompatPack.swift in Sources */,
				51E6684D2121447600FC154A /* AppUpdateChecker.swift in Sources */,
				515B77B520AF794500C7B07D /* ToolbarDelegate.swift in Sources */,
				51932D9720DEEA8400F44520 /* LoadingViewController.swift in Sources */,
				518BF15920B2260100A8044C /* Settings.swift in Sources */,
				51B12A1420B0603500E83844 /* DLItem.swift in Sources */,
				517FD72121153BB700E56CB6 /* BoxartViewController.swift in Sources */,
				5139DF89209FC6C6004F65F9 /* DetailsViewController.swift in Sources */,
				51EBE8212094E094005D44DC /* DataViewController.swift in Sources */,
				51932D9920DF06C700F44520 /* LoadingViewDelegate.swift in Sources */,
				51B12A1920B0CD1E00E83844 /* DownloadListItemCellView.swift in Sources */,
				517CD22C20AFA4A200C33623 /* DownloadController.swift in Sources */,
				5177A78820C3508D002F81F9 /* ExtractionManager.swift in Sources */,
				5192CE86211F1968004A2E90 /* LayerProtocols.swift in Sources */,
				5192CE83211E31B4004A2E90 /* DBManager.swift in Sources */,
				5192CE88211F1977004A2E90 /* LayerAPI.swift in Sources */,
				51ABB7572115D8A3009C98DA /* Item.swift in Sources */,
				511BB9D92120FE3E004F4860 /* GameArtworkDelegate.swift in Sources */,
				512175A820A7D28B00772C86 /* WindowDelegate.swift in Sources */,
				517FD72321153C5100E56CB6 /* Renascene.swift in Sources */,
				5139DF87209F6DE9004F65F9 /* WindowController.swift in Sources */,
				517FD71F2114B7FF00E56CB6 /* Parser.swift in Sources */,
				5192CE8C211F1AAE004A2E90 /* Bookmark.swift in Sources */,
				51EBE81F2094E094005D44DC /* AppDelegate.swift in Sources */,
				51B1A315209511A6009C799C /* SettingsViewController.swift in Sources */,
				5192CE7F211E18EA004A2E90 /* NetworkManager.swift in Sources */,
				519F0D7320CC852C00332987 /* BookmarkListItemCellView.swift in Sources */,
				513BDDA22096689500D82889 /* SettingsManager.swift in Sources */,
				5182C57F21140757003A5527 /* ItemType.swift in Sources */,
				5181948E20DDB52C009282AB /* NSTableView+keydown.swift in Sources */,
				5108B79E211641190065BA71 /* TSVData.swift in Sources */,
				5192CE8A211F19FA004A2E90 /* RealmStorageContext.swift in Sources */,
			);
			runOnlyForDeploymentPostprocessing = 0;
		};
/* End PBXSourcesBuildPhase section */

/* Begin PBXVariantGroup section */
		51EBE8272094E095005D44DC /* Main.storyboard */ = {
			isa = PBXVariantGroup;
			children = (
				51EBE8282094E095005D44DC /* Base */,
			);
			name = Main.storyboard;
			sourceTree = "<group>";
		};
/* End PBXVariantGroup section */

/* Begin XCBuildConfiguration section */
		51EBE82C2094E095005D44DC /* Debug */ = {
			isa = XCBuildConfiguration;
			buildSettings = {
				ALWAYS_SEARCH_USER_PATHS = NO;
				CLANG_ANALYZER_NONNULL = YES;
				CLANG_ANALYZER_NUMBER_OBJECT_CONVERSION = YES_AGGRESSIVE;
				CLANG_CXX_LANGUAGE_STANDARD = "gnu++14";
				CLANG_CXX_LIBRARY = "libc++";
				CLANG_ENABLE_MODULES = YES;
				CLANG_ENABLE_OBJC_ARC = YES;
				CLANG_ENABLE_OBJC_WEAK = YES;
				CLANG_WARN_BLOCK_CAPTURE_AUTORELEASING = YES;
				CLANG_WARN_BOOL_CONVERSION = YES;
				CLANG_WARN_COMMA = YES;
				CLANG_WARN_CONSTANT_CONVERSION = YES;
				CLANG_WARN_DEPRECATED_OBJC_IMPLEMENTATIONS = YES;
				CLANG_WARN_DIRECT_OBJC_ISA_USAGE = YES_ERROR;
				CLANG_WARN_DOCUMENTATION_COMMENTS = YES;
				CLANG_WARN_EMPTY_BODY = YES;
				CLANG_WARN_ENUM_CONVERSION = YES;
				CLANG_WARN_INFINITE_RECURSION = YES;
				CLANG_WARN_INT_CONVERSION = YES;
				CLANG_WARN_NON_LITERAL_NULL_CONVERSION = YES;
				CLANG_WARN_OBJC_IMPLICIT_RETAIN_SELF = YES;
				CLANG_WARN_OBJC_LITERAL_CONVERSION = YES;
				CLANG_WARN_OBJC_ROOT_CLASS = YES_ERROR;
				CLANG_WARN_RANGE_LOOP_ANALYSIS = YES;
				CLANG_WARN_STRICT_PROTOTYPES = YES;
				CLANG_WARN_SUSPICIOUS_MOVE = YES;
				CLANG_WARN_UNGUARDED_AVAILABILITY = YES_AGGRESSIVE;
				CLANG_WARN_UNREACHABLE_CODE = YES;
				CLANG_WARN__DUPLICATE_METHOD_MATCH = YES;
				CODE_SIGN_IDENTITY = "-";
				COPY_PHASE_STRIP = NO;
				DEBUG_INFORMATION_FORMAT = dwarf;
				ENABLE_STRICT_OBJC_MSGSEND = YES;
				ENABLE_TESTABILITY = YES;
				GCC_C_LANGUAGE_STANDARD = gnu11;
				GCC_DYNAMIC_NO_PIC = NO;
				GCC_NO_COMMON_BLOCKS = YES;
				GCC_OPTIMIZATION_LEVEL = 0;
				GCC_PREPROCESSOR_DEFINITIONS = (
					"DEBUG=1",
					"$(inherited)",
				);
				GCC_WARN_64_TO_32_BIT_CONVERSION = YES;
				GCC_WARN_ABOUT_RETURN_TYPE = YES_ERROR;
				GCC_WARN_UNDECLARED_SELECTOR = YES;
				GCC_WARN_UNINITIALIZED_AUTOS = YES_AGGRESSIVE;
				GCC_WARN_UNUSED_FUNCTION = YES;
				GCC_WARN_UNUSED_VARIABLE = YES;
				MACOSX_DEPLOYMENT_TARGET = 10.13;
				MTL_ENABLE_DEBUG_INFO = YES;
				ONLY_ACTIVE_ARCH = YES;
				SDKROOT = macosx;
				SWIFT_ACTIVE_COMPILATION_CONDITIONS = DEBUG;
				SWIFT_OPTIMIZATION_LEVEL = "-Onone";
			};
			name = Debug;
		};
		51EBE82D2094E095005D44DC /* Release */ = {
			isa = XCBuildConfiguration;
			buildSettings = {
				ALWAYS_SEARCH_USER_PATHS = NO;
				CLANG_ANALYZER_NONNULL = YES;
				CLANG_ANALYZER_NUMBER_OBJECT_CONVERSION = YES_AGGRESSIVE;
				CLANG_CXX_LANGUAGE_STANDARD = "gnu++14";
				CLANG_CXX_LIBRARY = "libc++";
				CLANG_ENABLE_MODULES = YES;
				CLANG_ENABLE_OBJC_ARC = YES;
				CLANG_ENABLE_OBJC_WEAK = YES;
				CLANG_WARN_BLOCK_CAPTURE_AUTORELEASING = YES;
				CLANG_WARN_BOOL_CONVERSION = YES;
				CLANG_WARN_COMMA = YES;
				CLANG_WARN_CONSTANT_CONVERSION = YES;
				CLANG_WARN_DEPRECATED_OBJC_IMPLEMENTATIONS = YES;
				CLANG_WARN_DIRECT_OBJC_ISA_USAGE = YES_ERROR;
				CLANG_WARN_DOCUMENTATION_COMMENTS = YES;
				CLANG_WARN_EMPTY_BODY = YES;
				CLANG_WARN_ENUM_CONVERSION = YES;
				CLANG_WARN_INFINITE_RECURSION = YES;
				CLANG_WARN_INT_CONVERSION = YES;
				CLANG_WARN_NON_LITERAL_NULL_CONVERSION = YES;
				CLANG_WARN_OBJC_IMPLICIT_RETAIN_SELF = YES;
				CLANG_WARN_OBJC_LITERAL_CONVERSION = YES;
				CLANG_WARN_OBJC_ROOT_CLASS = YES_ERROR;
				CLANG_WARN_RANGE_LOOP_ANALYSIS = YES;
				CLANG_WARN_STRICT_PROTOTYPES = YES;
				CLANG_WARN_SUSPICIOUS_MOVE = YES;
				CLANG_WARN_UNGUARDED_AVAILABILITY = YES_AGGRESSIVE;
				CLANG_WARN_UNREACHABLE_CODE = YES;
				CLANG_WARN__DUPLICATE_METHOD_MATCH = YES;
				CODE_SIGN_IDENTITY = "-";
				COPY_PHASE_STRIP = NO;
				DEBUG_INFORMATION_FORMAT = "dwarf-with-dsym";
				ENABLE_NS_ASSERTIONS = NO;
				ENABLE_STRICT_OBJC_MSGSEND = YES;
				GCC_C_LANGUAGE_STANDARD = gnu11;
				GCC_NO_COMMON_BLOCKS = YES;
				GCC_WARN_64_TO_32_BIT_CONVERSION = YES;
				GCC_WARN_ABOUT_RETURN_TYPE = YES_ERROR;
				GCC_WARN_UNDECLARED_SELECTOR = YES;
				GCC_WARN_UNINITIALIZED_AUTOS = YES_AGGRESSIVE;
				GCC_WARN_UNUSED_FUNCTION = YES;
				GCC_WARN_UNUSED_VARIABLE = YES;
				MACOSX_DEPLOYMENT_TARGET = 10.13;
				MTL_ENABLE_DEBUG_INFO = NO;
				SDKROOT = macosx;
				SWIFT_COMPILATION_MODE = wholemodule;
				SWIFT_OPTIMIZATION_LEVEL = "-O";
			};
			name = Release;
		};
		51EBE82F2094E095005D44DC /* Debug */ = {
			isa = XCBuildConfiguration;
			baseConfigurationReference = 0D2727CCD3895D77ED8CB0CF /* Pods-NPS Browser.debug.xcconfig */;
			buildSettings = {
				ASSETCATALOG_COMPILER_APPICON_NAME = AppIcon;
				CLANG_ENABLE_MODULES = YES;
				CODE_SIGN_IDENTITY = "";
				CODE_SIGN_STYLE = Manual;
				COMBINE_HIDPI_IMAGES = YES;
				DEVELOPMENT_TEAM = "";
				INFOPLIST_FILE = "$(SRCROOT)/NPS Browser/Info.plist";
				LD_RUNPATH_SEARCH_PATHS = "$(inherited) @executable_path/../Frameworks";
				MACOSX_DEPLOYMENT_TARGET = 10.10;
				PRODUCT_BUNDLE_IDENTIFIER = "JK3Y.NPS-Browser";
				PRODUCT_NAME = "$(TARGET_NAME)";
				PROVISIONING_PROFILE_SPECIFIER = "";
				SWIFT_INSTALL_OBJC_HEADER = NO;
				SWIFT_OPTIMIZATION_LEVEL = "-Onone";
				SWIFT_VERSION = 4.0;
				VERSIONING_SYSTEM = "";
			};
			name = Debug;
		};
		51EBE8302094E095005D44DC /* Release */ = {
			isa = XCBuildConfiguration;
			baseConfigurationReference = F354D0EAB719006A27CF7F0B /* Pods-NPS Browser.release.xcconfig */;
			buildSettings = {
				ASSETCATALOG_COMPILER_APPICON_NAME = AppIcon;
				CLANG_ENABLE_MODULES = YES;
				CODE_SIGN_IDENTITY = "";
				CODE_SIGN_STYLE = Manual;
				COMBINE_HIDPI_IMAGES = YES;
				DEVELOPMENT_TEAM = "";
				INFOPLIST_FILE = "$(SRCROOT)/NPS Browser/Info.plist";
				LD_RUNPATH_SEARCH_PATHS = "$(inherited) @executable_path/../Frameworks";
				MACOSX_DEPLOYMENT_TARGET = 10.10;
				PRODUCT_BUNDLE_IDENTIFIER = "JK3Y.NPS-Browser";
				PRODUCT_NAME = "$(TARGET_NAME)";
				PROVISIONING_PROFILE_SPECIFIER = "";
				SWIFT_INSTALL_OBJC_HEADER = NO;
				SWIFT_VERSION = 4.0;
				VERSIONING_SYSTEM = "";
			};
			name = Release;
		};
/* End XCBuildConfiguration section */

/* Begin XCConfigurationList section */
		51EBE8162094E094005D44DC /* Build configuration list for PBXProject "NPS Browser" */ = {
			isa = XCConfigurationList;
			buildConfigurations = (
				51EBE82C2094E095005D44DC /* Debug */,
				51EBE82D2094E095005D44DC /* Release */,
			);
			defaultConfigurationIsVisible = 0;
			defaultConfigurationName = Release;
		};
		51EBE82E2094E095005D44DC /* Build configuration list for PBXNativeTarget "NPS Browser" */ = {
			isa = XCConfigurationList;
			buildConfigurations = (
				51EBE82F2094E095005D44DC /* Debug */,
				51EBE8302094E095005D44DC /* Release */,
			);
			defaultConfigurationIsVisible = 0;
			defaultConfigurationName = Release;
		};
/* End XCConfigurationList section */
	};
	rootObject = 51EBE8132094E094005D44DC /* Project object */;
}
